
Microsoft Visual Studio Solution File, Format Version 12.00
# Visual Studio 14
VisualStudioVersion = 14.0.24720.0
MinimumVisualStudioVersion = 10.0.40219.1
Project("{8BC9CEB8-8B4A-11D0-8D11-00A0C91BC942}") = "driver", "driver\driver.vcxproj", "{DD0BBBD2-B60C-49BB-B815-F9AAE7608F9E}"
EndProject
Project("{8BC9CEB8-8B4A-11D0-8D11-00A0C91BC942}") = "service", "service\service.vcxproj", "{56CA1494-EBDD-4601-B109-3049232534FB}"
EndProject
Project("{8BC9CEB8-8B4A-11D0-8D11-00A0C91BC942}") = "interactive", "interactive\interactive.vcxproj", "{AC1C5FD7-0F17-40EC-B6AB-A01CC9D6B16E}"
EndProject
Project("{8BC9CEB8-8B4A-11D0-8D11-00A0C91BC942}") = "users", "users\users.vcxproj", "{FE665956-E247-44C4-99C2-304526D52091}"
EndProject
Project("{8BC9CEB8-8B4A-11D0-8D11-00A0C91BC942}") = "installer", "installer\installer.vcxproj", "{64C02EBF-B77D-4799-BF49-2F57316BDC52}"
	ProjectSection(ProjectDependencies) = postProject
		{FE665956-E247-44C4-99C2-304526D52091} = {FE665956-E247-44C4-99C2-304526D52091}
		{56CA1494-EBDD-4601-B109-3049232534FB} = {56CA1494-EBDD-4601-B109-3049232534FB}
		{92C849B7-8375-4E5F-928A-A35A8B3B538E} = {92C849B7-8375-4E5F-928A-A35A8B3B538E}
		{DD0BBBD2-B60C-49BB-B815-F9AAE7608F9E} = {DD0BBBD2-B60C-49BB-B815-F9AAE7608F9E}
		{AC1C5FD7-0F17-40EC-B6AB-A01CC9D6B16E} = {AC1C5FD7-0F17-40EC-B6AB-A01CC9D6B16E}
		{21B846F4-389C-405D-8435-36BEFBDE199F} = {21B846F4-389C-405D-8435-36BEFBDE199F}
	EndProjectSection
EndProject
Project("{8BC9CEB8-8B4A-11D0-8D11-00A0C91BC942}") = "filenames", "filenames\filenames.vcxproj", "{21B846F4-389C-405D-8435-36BEFBDE199F}"
EndProject
Project("{8BC9CEB8-8B4A-11D0-8D11-00A0C91BC942}") = "performance", "performance\performance.vcxproj", "{92C849B7-8375-4E5F-928A-A35A8B3B538E}"
EndProject
Project("{8BC9CEB8-8B4A-11D0-8D11-00A0C91BC942}") = "cmdline", "cmdline\cmdline.vcxproj", "{8E2AFF0F-4D0F-41EA-8EEC-58EDD265E32F}"
EndProject
Project("{8BC9CEB8-8B4A-11D0-8D11-00A0C91BC942}") = "launchcmd", "launchcmd\launchcmd.vcxproj", "{1F89BC99-FA9B-4883-854E-948BE0A005D8}"
EndProject
Project("{8BC9CEB8-8B4A-11D0-8D11-00A0C91BC942}") = "plugin", "plugin\plugin.vcxproj", "{328D34D4-81B2-49B1-B641-CA4DC8A7E607}"
EndProject
Project("{8BC9CEB8-8B4A-11D0-8D11-00A0C91BC942}") = "unpack", "unpack\unpack.vcxproj", "{6AB2CF6A-46A7-4FE3-8B12-FD75F05860DD}"
EndProject
Project("{8BC9CEB8-8B4A-11D0-8D11-00A0C91BC942}") = "sha1", "sha1\sha1.vcxproj", "{3C9C3168-FE38-4E1E-B0FC-230292777DCC}"
EndProject
Project("{8BC9CEB8-8B4A-11D0-8D11-00A0C91BC942}") = "remotethread", "remotethread\remotethread.vcxproj", "{720192DC-E040-4DDD-8460-F78A70723486}"
EndProject
Project("{8BC9CEB8-8B4A-11D0-8D11-00A0C91BC942}") = "core", "core\core.vcxproj", "{2EDD0A60-2BBD-4A96-9EA2-17C09554DD14}"
EndProject
Global
	GlobalSection(SolutionConfigurationPlatforms) = preSolution
		Debug|Mixed Platforms = Debug|Mixed Platforms
		Debug|Win32 = Debug|Win32
		Debug|x64 = Debug|x64
		Release|Mixed Platforms = Release|Mixed Platforms
		Release|Win32 = Release|Win32
		Release|x64 = Release|x64
		Win10 Debug|Mixed Platforms = Win10 Debug|Mixed Platforms
		Win10 Debug|Win32 = Win10 Debug|Win32
		Win10 Debug|x64 = Win10 Debug|x64
		Win10 Release|Mixed Platforms = Win10 Release|Mixed Platforms
		Win10 Release|Win32 = Win10 Release|Win32
		Win10 Release|x64 = Win10 Release|x64
		Win7 Debug|Mixed Platforms = Win7 Debug|Mixed Platforms
		Win7 Debug|Win32 = Win7 Debug|Win32
		Win7 Debug|x64 = Win7 Debug|x64
		Win7 Release|Mixed Platforms = Win7 Release|Mixed Platforms
		Win7 Release|Win32 = Win7 Release|Win32
		Win7 Release|x64 = Win7 Release|x64
		Win8 Debug|Mixed Platforms = Win8 Debug|Mixed Platforms
		Win8 Debug|Win32 = Win8 Debug|Win32
		Win8 Debug|x64 = Win8 Debug|x64
		Win8 Release|Mixed Platforms = Win8 Release|Mixed Platforms
		Win8 Release|Win32 = Win8 Release|Win32
		Win8 Release|x64 = Win8 Release|x64
		Win8.1 Debug|Mixed Platforms = Win8.1 Debug|Mixed Platforms
		Win8.1 Debug|Win32 = Win8.1 Debug|Win32
		Win8.1 Debug|x64 = Win8.1 Debug|x64
		Win8.1 Release|Mixed Platforms = Win8.1 Release|Mixed Platforms
		Win8.1 Release|Win32 = Win8.1 Release|Win32
		Win8.1 Release|x64 = Win8.1 Release|x64
	EndGlobalSection
	GlobalSection(ProjectConfigurationPlatforms) = postSolution
		{DD0BBBD2-B60C-49BB-B815-F9AAE7608F9E}.Debug|Mixed Platforms.ActiveCfg = Win8.1 Debug|Win32
		{DD0BBBD2-B60C-49BB-B815-F9AAE7608F9E}.Debug|Mixed Platforms.Build.0 = Win8.1 Debug|Win32
		{DD0BBBD2-B60C-49BB-B815-F9AAE7608F9E}.Debug|Win32.ActiveCfg = Win7 Debug|Win32
		{DD0BBBD2-B60C-49BB-B815-F9AAE7608F9E}.Debug|Win32.Build.0 = Win7 Debug|Win32
		{DD0BBBD2-B60C-49BB-B815-F9AAE7608F9E}.Debug|x64.ActiveCfg = Win7 Debug|x64
		{DD0BBBD2-B60C-49BB-B815-F9AAE7608F9E}.Debug|x64.Build.0 = Win7 Debug|x64
		{DD0BBBD2-B60C-49BB-B815-F9AAE7608F9E}.Release|Mixed Platforms.ActiveCfg = Win8.1 Release|Win32
		{DD0BBBD2-B60C-49BB-B815-F9AAE7608F9E}.Release|Mixed Platforms.Build.0 = Win8.1 Release|Win32
		{DD0BBBD2-B60C-49BB-B815-F9AAE7608F9E}.Release|Win32.ActiveCfg = Win7 Release|Win32
		{DD0BBBD2-B60C-49BB-B815-F9AAE7608F9E}.Release|Win32.Build.0 = Win7 Release|Win32
		{DD0BBBD2-B60C-49BB-B815-F9AAE7608F9E}.Release|x64.ActiveCfg = Win7 Release|x64
		{DD0BBBD2-B60C-49BB-B815-F9AAE7608F9E}.Release|x64.Build.0 = Win7 Release|x64
		{DD0BBBD2-B60C-49BB-B815-F9AAE7608F9E}.Win10 Debug|Mixed Platforms.ActiveCfg = Win10 Debug|Win32
		{DD0BBBD2-B60C-49BB-B815-F9AAE7608F9E}.Win10 Debug|Mixed Platforms.Build.0 = Win10 Debug|Win32
		{DD0BBBD2-B60C-49BB-B815-F9AAE7608F9E}.Win10 Debug|Mixed Platforms.Deploy.0 = Win10 Debug|Win32
		{DD0BBBD2-B60C-49BB-B815-F9AAE7608F9E}.Win10 Debug|Win32.ActiveCfg = Win10 Debug|Win32
		{DD0BBBD2-B60C-49BB-B815-F9AAE7608F9E}.Win10 Debug|Win32.Build.0 = Win10 Debug|Win32
		{DD0BBBD2-B60C-49BB-B815-F9AAE7608F9E}.Win10 Debug|Win32.Deploy.0 = Win10 Debug|Win32
		{DD0BBBD2-B60C-49BB-B815-F9AAE7608F9E}.Win10 Debug|x64.ActiveCfg = Win10 Debug|x64
		{DD0BBBD2-B60C-49BB-B815-F9AAE7608F9E}.Win10 Debug|x64.Build.0 = Win10 Debug|x64
		{DD0BBBD2-B60C-49BB-B815-F9AAE7608F9E}.Win10 Release|Mixed Platforms.ActiveCfg = Win10 Release|Win32
		{DD0BBBD2-B60C-49BB-B815-F9AAE7608F9E}.Win10 Release|Mixed Platforms.Build.0 = Win10 Release|Win32
		{DD0BBBD2-B60C-49BB-B815-F9AAE7608F9E}.Win10 Release|Win32.ActiveCfg = Win10 Release|Win32
		{DD0BBBD2-B60C-49BB-B815-F9AAE7608F9E}.Win10 Release|Win32.Build.0 = Win10 Release|Win32
		{DD0BBBD2-B60C-49BB-B815-F9AAE7608F9E}.Win10 Release|x64.ActiveCfg = Win10 Release|x64
		{DD0BBBD2-B60C-49BB-B815-F9AAE7608F9E}.Win10 Release|x64.Build.0 = Win10 Release|x64
		{DD0BBBD2-B60C-49BB-B815-F9AAE7608F9E}.Win7 Debug|Mixed Platforms.ActiveCfg = Win7 Debug|Win32
		{DD0BBBD2-B60C-49BB-B815-F9AAE7608F9E}.Win7 Debug|Mixed Platforms.Build.0 = Win7 Debug|Win32
		{DD0BBBD2-B60C-49BB-B815-F9AAE7608F9E}.Win7 Debug|Win32.ActiveCfg = Win7 Debug|Win32
		{DD0BBBD2-B60C-49BB-B815-F9AAE7608F9E}.Win7 Debug|Win32.Build.0 = Win7 Debug|Win32
		{DD0BBBD2-B60C-49BB-B815-F9AAE7608F9E}.Win7 Debug|Win32.Deploy.0 = Win7 Debug|Win32
		{DD0BBBD2-B60C-49BB-B815-F9AAE7608F9E}.Win7 Debug|x64.ActiveCfg = Win7 Debug|x64
		{DD0BBBD2-B60C-49BB-B815-F9AAE7608F9E}.Win7 Debug|x64.Build.0 = Win7 Debug|x64
		{DD0BBBD2-B60C-49BB-B815-F9AAE7608F9E}.Win7 Debug|x64.Deploy.0 = Win7 Debug|x64
		{DD0BBBD2-B60C-49BB-B815-F9AAE7608F9E}.Win7 Release|Mixed Platforms.ActiveCfg = Win7 Release|Win32
		{DD0BBBD2-B60C-49BB-B815-F9AAE7608F9E}.Win7 Release|Mixed Platforms.Build.0 = Win7 Release|Win32
		{DD0BBBD2-B60C-49BB-B815-F9AAE7608F9E}.Win7 Release|Win32.ActiveCfg = Win7 Release|Win32
		{DD0BBBD2-B60C-49BB-B815-F9AAE7608F9E}.Win7 Release|Win32.Build.0 = Win7 Release|Win32
		{DD0BBBD2-B60C-49BB-B815-F9AAE7608F9E}.Win7 Release|Win32.Deploy.0 = Win7 Release|Win32
		{DD0BBBD2-B60C-49BB-B815-F9AAE7608F9E}.Win7 Release|x64.ActiveCfg = Win7 Release|x64
		{DD0BBBD2-B60C-49BB-B815-F9AAE7608F9E}.Win7 Release|x64.Build.0 = Win7 Release|x64
		{DD0BBBD2-B60C-49BB-B815-F9AAE7608F9E}.Win7 Release|x64.Deploy.0 = Win7 Release|x64
		{DD0BBBD2-B60C-49BB-B815-F9AAE7608F9E}.Win8 Debug|Mixed Platforms.ActiveCfg = Win8 Debug|Win32
		{DD0BBBD2-B60C-49BB-B815-F9AAE7608F9E}.Win8 Debug|Mixed Platforms.Build.0 = Win8 Debug|Win32
		{DD0BBBD2-B60C-49BB-B815-F9AAE7608F9E}.Win8 Debug|Win32.ActiveCfg = Win8 Debug|Win32
		{DD0BBBD2-B60C-49BB-B815-F9AAE7608F9E}.Win8 Debug|Win32.Build.0 = Win8 Debug|Win32
		{DD0BBBD2-B60C-49BB-B815-F9AAE7608F9E}.Win8 Debug|Win32.Deploy.0 = Win8 Debug|Win32
		{DD0BBBD2-B60C-49BB-B815-F9AAE7608F9E}.Win8 Debug|x64.ActiveCfg = Win8 Debug|x64
		{DD0BBBD2-B60C-49BB-B815-F9AAE7608F9E}.Win8 Debug|x64.Build.0 = Win8 Debug|x64
		{DD0BBBD2-B60C-49BB-B815-F9AAE7608F9E}.Win8 Debug|x64.Deploy.0 = Win8 Debug|x64
		{DD0BBBD2-B60C-49BB-B815-F9AAE7608F9E}.Win8 Release|Mixed Platforms.ActiveCfg = Win8 Release|Win32
		{DD0BBBD2-B60C-49BB-B815-F9AAE7608F9E}.Win8 Release|Mixed Platforms.Build.0 = Win8 Release|Win32
		{DD0BBBD2-B60C-49BB-B815-F9AAE7608F9E}.Win8 Release|Win32.ActiveCfg = Win8 Release|Win32
		{DD0BBBD2-B60C-49BB-B815-F9AAE7608F9E}.Win8 Release|Win32.Build.0 = Win8 Release|Win32
		{DD0BBBD2-B60C-49BB-B815-F9AAE7608F9E}.Win8 Release|Win32.Deploy.0 = Win8 Release|Win32
		{DD0BBBD2-B60C-49BB-B815-F9AAE7608F9E}.Win8 Release|x64.ActiveCfg = Win8 Release|x64
		{DD0BBBD2-B60C-49BB-B815-F9AAE7608F9E}.Win8 Release|x64.Build.0 = Win8 Release|x64
		{DD0BBBD2-B60C-49BB-B815-F9AAE7608F9E}.Win8 Release|x64.Deploy.0 = Win8 Release|x64
		{DD0BBBD2-B60C-49BB-B815-F9AAE7608F9E}.Win8.1 Debug|Mixed Platforms.ActiveCfg = Win8.1 Debug|Win32
		{DD0BBBD2-B60C-49BB-B815-F9AAE7608F9E}.Win8.1 Debug|Mixed Platforms.Build.0 = Win8.1 Debug|Win32
		{DD0BBBD2-B60C-49BB-B815-F9AAE7608F9E}.Win8.1 Debug|Win32.ActiveCfg = Win8.1 Debug|Win32
		{DD0BBBD2-B60C-49BB-B815-F9AAE7608F9E}.Win8.1 Debug|Win32.Build.0 = Win8.1 Debug|Win32
		{DD0BBBD2-B60C-49BB-B815-F9AAE7608F9E}.Win8.1 Debug|Win32.Deploy.0 = Win8.1 Debug|Win32
		{DD0BBBD2-B60C-49BB-B815-F9AAE7608F9E}.Win8.1 Debug|x64.ActiveCfg = Win8.1 Debug|x64
		{DD0BBBD2-B60C-49BB-B815-F9AAE7608F9E}.Win8.1 Debug|x64.Build.0 = Win8.1 Debug|x64
		{DD0BBBD2-B60C-49BB-B815-F9AAE7608F9E}.Win8.1 Debug|x64.Deploy.0 = Win8.1 Debug|x64
		{DD0BBBD2-B60C-49BB-B815-F9AAE7608F9E}.Win8.1 Release|Mixed Platforms.ActiveCfg = Win8.1 Release|Win32
		{DD0BBBD2-B60C-49BB-B815-F9AAE7608F9E}.Win8.1 Release|Mixed Platforms.Build.0 = Win8.1 Release|Win32
		{DD0BBBD2-B60C-49BB-B815-F9AAE7608F9E}.Win8.1 Release|Win32.ActiveCfg = Win8.1 Release|Win32
		{DD0BBBD2-B60C-49BB-B815-F9AAE7608F9E}.Win8.1 Release|Win32.Build.0 = Win8.1 Release|Win32
		{DD0BBBD2-B60C-49BB-B815-F9AAE7608F9E}.Win8.1 Release|Win32.Deploy.0 = Win8.1 Release|Win32
		{DD0BBBD2-B60C-49BB-B815-F9AAE7608F9E}.Win8.1 Release|x64.ActiveCfg = Win8.1 Release|x64
		{DD0BBBD2-B60C-49BB-B815-F9AAE7608F9E}.Win8.1 Release|x64.Build.0 = Win8.1 Release|x64
		{DD0BBBD2-B60C-49BB-B815-F9AAE7608F9E}.Win8.1 Release|x64.Deploy.0 = Win8.1 Release|x64
		{56CA1494-EBDD-4601-B109-3049232534FB}.Debug|Mixed Platforms.ActiveCfg = Debug|Win32
		{56CA1494-EBDD-4601-B109-3049232534FB}.Debug|Mixed Platforms.Build.0 = Debug|Win32
		{56CA1494-EBDD-4601-B109-3049232534FB}.Debug|Win32.ActiveCfg = Debug|Win32
		{56CA1494-EBDD-4601-B109-3049232534FB}.Debug|Win32.Build.0 = Debug|Win32
		{56CA1494-EBDD-4601-B109-3049232534FB}.Debug|x64.ActiveCfg = Debug|x64
		{56CA1494-EBDD-4601-B109-3049232534FB}.Debug|x64.Build.0 = Debug|x64
		{56CA1494-EBDD-4601-B109-3049232534FB}.Release|Mixed Platforms.ActiveCfg = Release|Win32
		{56CA1494-EBDD-4601-B109-3049232534FB}.Release|Mixed Platforms.Build.0 = Release|Win32
		{56CA1494-EBDD-4601-B109-3049232534FB}.Release|Win32.ActiveCfg = Release|Win32
		{56CA1494-EBDD-4601-B109-3049232534FB}.Release|Win32.Build.0 = Release|Win32
		{56CA1494-EBDD-4601-B109-3049232534FB}.Release|x64.ActiveCfg = Release|x64
		{56CA1494-EBDD-4601-B109-3049232534FB}.Release|x64.Build.0 = Release|x64
		{56CA1494-EBDD-4601-B109-3049232534FB}.Win10 Debug|Mixed Platforms.ActiveCfg = Debug|Win32
		{56CA1494-EBDD-4601-B109-3049232534FB}.Win10 Debug|Mixed Platforms.Build.0 = Debug|Win32
		{56CA1494-EBDD-4601-B109-3049232534FB}.Win10 Debug|Win32.ActiveCfg = Debug|Win32
		{56CA1494-EBDD-4601-B109-3049232534FB}.Win10 Debug|Win32.Build.0 = Debug|Win32
		{56CA1494-EBDD-4601-B109-3049232534FB}.Win10 Debug|x64.ActiveCfg = Debug|x64
		{56CA1494-EBDD-4601-B109-3049232534FB}.Win10 Debug|x64.Build.0 = Debug|x64
		{56CA1494-EBDD-4601-B109-3049232534FB}.Win10 Release|Mixed Platforms.ActiveCfg = Release|Win32
		{56CA1494-EBDD-4601-B109-3049232534FB}.Win10 Release|Mixed Platforms.Build.0 = Release|Win32
		{56CA1494-EBDD-4601-B109-3049232534FB}.Win10 Release|Win32.ActiveCfg = Release|Win32
		{56CA1494-EBDD-4601-B109-3049232534FB}.Win10 Release|Win32.Build.0 = Release|Win32
		{56CA1494-EBDD-4601-B109-3049232534FB}.Win10 Release|x64.ActiveCfg = Release|x64
		{56CA1494-EBDD-4601-B109-3049232534FB}.Win10 Release|x64.Build.0 = Release|x64
		{56CA1494-EBDD-4601-B109-3049232534FB}.Win7 Debug|Mixed Platforms.ActiveCfg = Debug|Win32
		{56CA1494-EBDD-4601-B109-3049232534FB}.Win7 Debug|Mixed Platforms.Build.0 = Debug|Win32
		{56CA1494-EBDD-4601-B109-3049232534FB}.Win7 Debug|Win32.ActiveCfg = Debug|Win32
		{56CA1494-EBDD-4601-B109-3049232534FB}.Win7 Debug|Win32.Build.0 = Debug|Win32
		{56CA1494-EBDD-4601-B109-3049232534FB}.Win7 Debug|x64.ActiveCfg = Debug|x64
		{56CA1494-EBDD-4601-B109-3049232534FB}.Win7 Release|Mixed Platforms.ActiveCfg = Release|Win32
		{56CA1494-EBDD-4601-B109-3049232534FB}.Win7 Release|Mixed Platforms.Build.0 = Release|Win32
		{56CA1494-EBDD-4601-B109-3049232534FB}.Win7 Release|Win32.ActiveCfg = Release|Win32
		{56CA1494-EBDD-4601-B109-3049232534FB}.Win7 Release|Win32.Build.0 = Release|Win32
		{56CA1494-EBDD-4601-B109-3049232534FB}.Win7 Release|x64.ActiveCfg = Release|x64
		{56CA1494-EBDD-4601-B109-3049232534FB}.Win8 Debug|Mixed Platforms.ActiveCfg = Debug|Win32
		{56CA1494-EBDD-4601-B109-3049232534FB}.Win8 Debug|Mixed Platforms.Build.0 = Debug|Win32
		{56CA1494-EBDD-4601-B109-3049232534FB}.Win8 Debug|Win32.ActiveCfg = Debug|Win32
		{56CA1494-EBDD-4601-B109-3049232534FB}.Win8 Debug|Win32.Build.0 = Debug|Win32
		{56CA1494-EBDD-4601-B109-3049232534FB}.Win8 Debug|x64.ActiveCfg = Debug|x64
		{56CA1494-EBDD-4601-B109-3049232534FB}.Win8 Release|Mixed Platforms.ActiveCfg = Release|Win32
		{56CA1494-EBDD-4601-B109-3049232534FB}.Win8 Release|Mixed Platforms.Build.0 = Release|Win32
		{56CA1494-EBDD-4601-B109-3049232534FB}.Win8 Release|Win32.ActiveCfg = Release|Win32
		{56CA1494-EBDD-4601-B109-3049232534FB}.Win8 Release|Win32.Build.0 = Release|Win32
		{56CA1494-EBDD-4601-B109-3049232534FB}.Win8 Release|x64.ActiveCfg = Release|x64
		{56CA1494-EBDD-4601-B109-3049232534FB}.Win8.1 Debug|Mixed Platforms.ActiveCfg = Debug|Win32
		{56CA1494-EBDD-4601-B109-3049232534FB}.Win8.1 Debug|Mixed Platforms.Build.0 = Debug|Win32
		{56CA1494-EBDD-4601-B109-3049232534FB}.Win8.1 Debug|Win32.ActiveCfg = Debug|Win32
		{56CA1494-EBDD-4601-B109-3049232534FB}.Win8.1 Debug|Win32.Build.0 = Debug|Win32
		{56CA1494-EBDD-4601-B109-3049232534FB}.Win8.1 Debug|x64.ActiveCfg = Debug|x64
		{56CA1494-EBDD-4601-B109-3049232534FB}.Win8.1 Release|Mixed Platforms.ActiveCfg = Release|Win32
		{56CA1494-EBDD-4601-B109-3049232534FB}.Win8.1 Release|Mixed Platforms.Build.0 = Release|Win32
		{56CA1494-EBDD-4601-B109-3049232534FB}.Win8.1 Release|Win32.ActiveCfg = Release|Win32
		{56CA1494-EBDD-4601-B109-3049232534FB}.Win8.1 Release|Win32.Build.0 = Release|Win32
		{56CA1494-EBDD-4601-B109-3049232534FB}.Win8.1 Release|x64.ActiveCfg = Release|Win32
		{AC1C5FD7-0F17-40EC-B6AB-A01CC9D6B16E}.Debug|Mixed Platforms.ActiveCfg = Debug|Win32
		{AC1C5FD7-0F17-40EC-B6AB-A01CC9D6B16E}.Debug|Mixed Platforms.Build.0 = Debug|Win32
		{AC1C5FD7-0F17-40EC-B6AB-A01CC9D6B16E}.Debug|Win32.ActiveCfg = Debug|Win32
		{AC1C5FD7-0F17-40EC-B6AB-A01CC9D6B16E}.Debug|Win32.Build.0 = Debug|Win32
		{AC1C5FD7-0F17-40EC-B6AB-A01CC9D6B16E}.Debug|x64.ActiveCfg = Debug|x64
		{AC1C5FD7-0F17-40EC-B6AB-A01CC9D6B16E}.Debug|x64.Build.0 = Debug|x64
		{AC1C5FD7-0F17-40EC-B6AB-A01CC9D6B16E}.Release|Mixed Platforms.ActiveCfg = Release|Win32
		{AC1C5FD7-0F17-40EC-B6AB-A01CC9D6B16E}.Release|Mixed Platforms.Build.0 = Release|Win32
		{AC1C5FD7-0F17-40EC-B6AB-A01CC9D6B16E}.Release|Win32.ActiveCfg = Release|Win32
		{AC1C5FD7-0F17-40EC-B6AB-A01CC9D6B16E}.Release|Win32.Build.0 = Release|Win32
		{AC1C5FD7-0F17-40EC-B6AB-A01CC9D6B16E}.Release|x64.ActiveCfg = Release|x64
		{AC1C5FD7-0F17-40EC-B6AB-A01CC9D6B16E}.Release|x64.Build.0 = Release|x64
		{AC1C5FD7-0F17-40EC-B6AB-A01CC9D6B16E}.Win10 Debug|Mixed Platforms.ActiveCfg = Debug|Win32
		{AC1C5FD7-0F17-40EC-B6AB-A01CC9D6B16E}.Win10 Debug|Mixed Platforms.Build.0 = Debug|Win32
		{AC1C5FD7-0F17-40EC-B6AB-A01CC9D6B16E}.Win10 Debug|Win32.ActiveCfg = Debug|Win32
		{AC1C5FD7-0F17-40EC-B6AB-A01CC9D6B16E}.Win10 Debug|Win32.Build.0 = Debug|Win32
		{AC1C5FD7-0F17-40EC-B6AB-A01CC9D6B16E}.Win10 Debug|x64.ActiveCfg = Debug|x64
		{AC1C5FD7-0F17-40EC-B6AB-A01CC9D6B16E}.Win10 Debug|x64.Build.0 = Debug|x64
		{AC1C5FD7-0F17-40EC-B6AB-A01CC9D6B16E}.Win10 Release|Mixed Platforms.ActiveCfg = Release|Win32
		{AC1C5FD7-0F17-40EC-B6AB-A01CC9D6B16E}.Win10 Release|Mixed Platforms.Build.0 = Release|Win32
		{AC1C5FD7-0F17-40EC-B6AB-A01CC9D6B16E}.Win10 Release|Win32.ActiveCfg = Release|Win32
		{AC1C5FD7-0F17-40EC-B6AB-A01CC9D6B16E}.Win10 Release|Win32.Build.0 = Release|Win32
		{AC1C5FD7-0F17-40EC-B6AB-A01CC9D6B16E}.Win10 Release|x64.ActiveCfg = Release|x64
		{AC1C5FD7-0F17-40EC-B6AB-A01CC9D6B16E}.Win10 Release|x64.Build.0 = Release|x64
		{AC1C5FD7-0F17-40EC-B6AB-A01CC9D6B16E}.Win7 Debug|Mixed Platforms.ActiveCfg = Debug|Win32
		{AC1C5FD7-0F17-40EC-B6AB-A01CC9D6B16E}.Win7 Debug|Mixed Platforms.Build.0 = Debug|Win32
		{AC1C5FD7-0F17-40EC-B6AB-A01CC9D6B16E}.Win7 Debug|Win32.ActiveCfg = Debug|Win32
		{AC1C5FD7-0F17-40EC-B6AB-A01CC9D6B16E}.Win7 Debug|Win32.Build.0 = Debug|Win32
		{AC1C5FD7-0F17-40EC-B6AB-A01CC9D6B16E}.Win7 Debug|x64.ActiveCfg = Debug|x64
		{AC1C5FD7-0F17-40EC-B6AB-A01CC9D6B16E}.Win7 Debug|x64.Build.0 = Debug|x64
		{AC1C5FD7-0F17-40EC-B6AB-A01CC9D6B16E}.Win7 Release|Mixed Platforms.ActiveCfg = Release|Win32
		{AC1C5FD7-0F17-40EC-B6AB-A01CC9D6B16E}.Win7 Release|Mixed Platforms.Build.0 = Release|Win32
		{AC1C5FD7-0F17-40EC-B6AB-A01CC9D6B16E}.Win7 Release|Win32.ActiveCfg = Release|Win32
		{AC1C5FD7-0F17-40EC-B6AB-A01CC9D6B16E}.Win7 Release|Win32.Build.0 = Release|Win32
		{AC1C5FD7-0F17-40EC-B6AB-A01CC9D6B16E}.Win7 Release|x64.ActiveCfg = Release|x64
		{AC1C5FD7-0F17-40EC-B6AB-A01CC9D6B16E}.Win7 Release|x64.Build.0 = Release|x64
		{AC1C5FD7-0F17-40EC-B6AB-A01CC9D6B16E}.Win8 Debug|Mixed Platforms.ActiveCfg = Debug|Win32
		{AC1C5FD7-0F17-40EC-B6AB-A01CC9D6B16E}.Win8 Debug|Mixed Platforms.Build.0 = Debug|Win32
		{AC1C5FD7-0F17-40EC-B6AB-A01CC9D6B16E}.Win8 Debug|Win32.ActiveCfg = Debug|Win32
		{AC1C5FD7-0F17-40EC-B6AB-A01CC9D6B16E}.Win8 Debug|Win32.Build.0 = Debug|Win32
		{AC1C5FD7-0F17-40EC-B6AB-A01CC9D6B16E}.Win8 Debug|x64.ActiveCfg = Debug|x64
		{AC1C5FD7-0F17-40EC-B6AB-A01CC9D6B16E}.Win8 Debug|x64.Build.0 = Debug|x64
		{AC1C5FD7-0F17-40EC-B6AB-A01CC9D6B16E}.Win8 Release|Mixed Platforms.ActiveCfg = Release|Win32
		{AC1C5FD7-0F17-40EC-B6AB-A01CC9D6B16E}.Win8 Release|Mixed Platforms.Build.0 = Release|Win32
		{AC1C5FD7-0F17-40EC-B6AB-A01CC9D6B16E}.Win8 Release|Win32.ActiveCfg = Release|Win32
		{AC1C5FD7-0F17-40EC-B6AB-A01CC9D6B16E}.Win8 Release|Win32.Build.0 = Release|Win32
		{AC1C5FD7-0F17-40EC-B6AB-A01CC9D6B16E}.Win8 Release|x64.ActiveCfg = Release|x64
		{AC1C5FD7-0F17-40EC-B6AB-A01CC9D6B16E}.Win8 Release|x64.Build.0 = Release|x64
		{AC1C5FD7-0F17-40EC-B6AB-A01CC9D6B16E}.Win8.1 Debug|Mixed Platforms.ActiveCfg = Debug|Win32
		{AC1C5FD7-0F17-40EC-B6AB-A01CC9D6B16E}.Win8.1 Debug|Mixed Platforms.Build.0 = Debug|Win32
		{AC1C5FD7-0F17-40EC-B6AB-A01CC9D6B16E}.Win8.1 Debug|Win32.ActiveCfg = Debug|Win32
		{AC1C5FD7-0F17-40EC-B6AB-A01CC9D6B16E}.Win8.1 Debug|Win32.Build.0 = Debug|Win32
		{AC1C5FD7-0F17-40EC-B6AB-A01CC9D6B16E}.Win8.1 Debug|x64.ActiveCfg = Debug|x64
		{AC1C5FD7-0F17-40EC-B6AB-A01CC9D6B16E}.Win8.1 Debug|x64.Build.0 = Debug|x64
		{AC1C5FD7-0F17-40EC-B6AB-A01CC9D6B16E}.Win8.1 Release|Mixed Platforms.ActiveCfg = Release|Win32
		{AC1C5FD7-0F17-40EC-B6AB-A01CC9D6B16E}.Win8.1 Release|Mixed Platforms.Build.0 = Release|Win32
		{AC1C5FD7-0F17-40EC-B6AB-A01CC9D6B16E}.Win8.1 Release|Win32.ActiveCfg = Release|Win32
		{AC1C5FD7-0F17-40EC-B6AB-A01CC9D6B16E}.Win8.1 Release|Win32.Build.0 = Release|Win32
		{AC1C5FD7-0F17-40EC-B6AB-A01CC9D6B16E}.Win8.1 Release|x64.ActiveCfg = Release|x64
		{AC1C5FD7-0F17-40EC-B6AB-A01CC9D6B16E}.Win8.1 Release|x64.Build.0 = Release|x64
		{FE665956-E247-44C4-99C2-304526D52091}.Debug|Mixed Platforms.ActiveCfg = Debug|Win32
		{FE665956-E247-44C4-99C2-304526D52091}.Debug|Mixed Platforms.Build.0 = Debug|Win32
		{FE665956-E247-44C4-99C2-304526D52091}.Debug|Win32.ActiveCfg = Debug|Win32
		{FE665956-E247-44C4-99C2-304526D52091}.Debug|Win32.Build.0 = Debug|Win32
		{FE665956-E247-44C4-99C2-304526D52091}.Debug|x64.ActiveCfg = Debug|x64
		{FE665956-E247-44C4-99C2-304526D52091}.Debug|x64.Build.0 = Debug|x64
		{FE665956-E247-44C4-99C2-304526D52091}.Release|Mixed Platforms.ActiveCfg = Release|Win32
		{FE665956-E247-44C4-99C2-304526D52091}.Release|Mixed Platforms.Build.0 = Release|Win32
		{FE665956-E247-44C4-99C2-304526D52091}.Release|Win32.ActiveCfg = Release|Win32
		{FE665956-E247-44C4-99C2-304526D52091}.Release|Win32.Build.0 = Release|Win32
		{FE665956-E247-44C4-99C2-304526D52091}.Release|x64.ActiveCfg = Release|x64
		{FE665956-E247-44C4-99C2-304526D52091}.Release|x64.Build.0 = Release|x64
		{FE665956-E247-44C4-99C2-304526D52091}.Win10 Debug|Mixed Platforms.ActiveCfg = Debug|Win32
		{FE665956-E247-44C4-99C2-304526D52091}.Win10 Debug|Mixed Platforms.Build.0 = Debug|Win32
		{FE665956-E247-44C4-99C2-304526D52091}.Win10 Debug|Win32.ActiveCfg = Debug|Win32
		{FE665956-E247-44C4-99C2-304526D52091}.Win10 Debug|Win32.Build.0 = Debug|Win32
		{FE665956-E247-44C4-99C2-304526D52091}.Win10 Debug|x64.ActiveCfg = Debug|x64
		{FE665956-E247-44C4-99C2-304526D52091}.Win10 Debug|x64.Build.0 = Debug|x64
		{FE665956-E247-44C4-99C2-304526D52091}.Win10 Release|Mixed Platforms.ActiveCfg = Release|Win32
		{FE665956-E247-44C4-99C2-304526D52091}.Win10 Release|Mixed Platforms.Build.0 = Release|Win32
		{FE665956-E247-44C4-99C2-304526D52091}.Win10 Release|Win32.ActiveCfg = Release|Win32
		{FE665956-E247-44C4-99C2-304526D52091}.Win10 Release|Win32.Build.0 = Release|Win32
		{FE665956-E247-44C4-99C2-304526D52091}.Win10 Release|x64.ActiveCfg = Release|x64
		{FE665956-E247-44C4-99C2-304526D52091}.Win10 Release|x64.Build.0 = Release|x64
		{FE665956-E247-44C4-99C2-304526D52091}.Win7 Debug|Mixed Platforms.ActiveCfg = Debug|Win32
		{FE665956-E247-44C4-99C2-304526D52091}.Win7 Debug|Mixed Platforms.Build.0 = Debug|Win32
		{FE665956-E247-44C4-99C2-304526D52091}.Win7 Debug|Win32.ActiveCfg = Debug|Win32
		{FE665956-E247-44C4-99C2-304526D52091}.Win7 Debug|Win32.Build.0 = Debug|Win32
		{FE665956-E247-44C4-99C2-304526D52091}.Win7 Debug|x64.ActiveCfg = Debug|x64
		{FE665956-E247-44C4-99C2-304526D52091}.Win7 Debug|x64.Build.0 = Debug|x64
		{FE665956-E247-44C4-99C2-304526D52091}.Win7 Release|Mixed Platforms.ActiveCfg = Release|Win32
		{FE665956-E247-44C4-99C2-304526D52091}.Win7 Release|Mixed Platforms.Build.0 = Release|Win32
		{FE665956-E247-44C4-99C2-304526D52091}.Win7 Release|Win32.ActiveCfg = Release|Win32
		{FE665956-E247-44C4-99C2-304526D52091}.Win7 Release|Win32.Build.0 = Release|Win32
		{FE665956-E247-44C4-99C2-304526D52091}.Win7 Release|x64.ActiveCfg = Release|x64
		{FE665956-E247-44C4-99C2-304526D52091}.Win7 Release|x64.Build.0 = Release|x64
		{FE665956-E247-44C4-99C2-304526D52091}.Win8 Debug|Mixed Platforms.ActiveCfg = Debug|Win32
		{FE665956-E247-44C4-99C2-304526D52091}.Win8 Debug|Mixed Platforms.Build.0 = Debug|Win32
		{FE665956-E247-44C4-99C2-304526D52091}.Win8 Debug|Win32.ActiveCfg = Debug|Win32
		{FE665956-E247-44C4-99C2-304526D52091}.Win8 Debug|Win32.Build.0 = Debug|Win32
		{FE665956-E247-44C4-99C2-304526D52091}.Win8 Debug|x64.ActiveCfg = Debug|x64
		{FE665956-E247-44C4-99C2-304526D52091}.Win8 Debug|x64.Build.0 = Debug|x64
		{FE665956-E247-44C4-99C2-304526D52091}.Win8 Release|Mixed Platforms.ActiveCfg = Release|Win32
		{FE665956-E247-44C4-99C2-304526D52091}.Win8 Release|Mixed Platforms.Build.0 = Release|Win32
		{FE665956-E247-44C4-99C2-304526D52091}.Win8 Release|Win32.ActiveCfg = Release|Win32
		{FE665956-E247-44C4-99C2-304526D52091}.Win8 Release|Win32.Build.0 = Release|Win32
		{FE665956-E247-44C4-99C2-304526D52091}.Win8 Release|x64.ActiveCfg = Release|x64
		{FE665956-E247-44C4-99C2-304526D52091}.Win8 Release|x64.Build.0 = Release|x64
		{FE665956-E247-44C4-99C2-304526D52091}.Win8.1 Debug|Mixed Platforms.ActiveCfg = Debug|Win32
		{FE665956-E247-44C4-99C2-304526D52091}.Win8.1 Debug|Mixed Platforms.Build.0 = Debug|Win32
		{FE665956-E247-44C4-99C2-304526D52091}.Win8.1 Debug|Win32.ActiveCfg = Debug|Win32
		{FE665956-E247-44C4-99C2-304526D52091}.Win8.1 Debug|Win32.Build.0 = Debug|Win32
		{FE665956-E247-44C4-99C2-304526D52091}.Win8.1 Debug|x64.ActiveCfg = Debug|x64
		{FE665956-E247-44C4-99C2-304526D52091}.Win8.1 Debug|x64.Build.0 = Debug|x64
		{FE665956-E247-44C4-99C2-304526D52091}.Win8.1 Release|Mixed Platforms.ActiveCfg = Release|Win32
		{FE665956-E247-44C4-99C2-304526D52091}.Win8.1 Release|Mixed Platforms.Build.0 = Release|Win32
		{FE665956-E247-44C4-99C2-304526D52091}.Win8.1 Release|Win32.ActiveCfg = Release|Win32
		{FE665956-E247-44C4-99C2-304526D52091}.Win8.1 Release|Win32.Build.0 = Release|Win32
		{FE665956-E247-44C4-99C2-304526D52091}.Win8.1 Release|x64.ActiveCfg = Release|x64
		{FE665956-E247-44C4-99C2-304526D52091}.Win8.1 Release|x64.Build.0 = Release|x64
		{64C02EBF-B77D-4799-BF49-2F57316BDC52}.Debug|Mixed Platforms.ActiveCfg = Debug|Win32
		{64C02EBF-B77D-4799-BF49-2F57316BDC52}.Debug|Mixed Platforms.Build.0 = Debug|Win32
		{64C02EBF-B77D-4799-BF49-2F57316BDC52}.Debug|Mixed Platforms.Deploy.0 = Debug|Win32
		{64C02EBF-B77D-4799-BF49-2F57316BDC52}.Debug|Win32.ActiveCfg = Debug|Win32
		{64C02EBF-B77D-4799-BF49-2F57316BDC52}.Debug|Win32.Build.0 = Debug|Win32
		{64C02EBF-B77D-4799-BF49-2F57316BDC52}.Debug|Win32.Deploy.0 = Debug|Win32
		{64C02EBF-B77D-4799-BF49-2F57316BDC52}.Debug|x64.ActiveCfg = Debug|x64
		{64C02EBF-B77D-4799-BF49-2F57316BDC52}.Debug|x64.Build.0 = Debug|x64
		{64C02EBF-B77D-4799-BF49-2F57316BDC52}.Release|Mixed Platforms.ActiveCfg = Release|Win32
		{64C02EBF-B77D-4799-BF49-2F57316BDC52}.Release|Mixed Platforms.Build.0 = Release|Win32
		{64C02EBF-B77D-4799-BF49-2F57316BDC52}.Release|Mixed Platforms.Deploy.0 = Release|Win32
		{64C02EBF-B77D-4799-BF49-2F57316BDC52}.Release|Win32.ActiveCfg = Release|Win32
		{64C02EBF-B77D-4799-BF49-2F57316BDC52}.Release|Win32.Build.0 = Release|Win32
		{64C02EBF-B77D-4799-BF49-2F57316BDC52}.Release|Win32.Deploy.0 = Release|Win32
		{64C02EBF-B77D-4799-BF49-2F57316BDC52}.Release|x64.ActiveCfg = Release|x64
		{64C02EBF-B77D-4799-BF49-2F57316BDC52}.Release|x64.Build.0 = Release|x64
		{64C02EBF-B77D-4799-BF49-2F57316BDC52}.Win10 Debug|Mixed Platforms.ActiveCfg = Debug|Win32
		{64C02EBF-B77D-4799-BF49-2F57316BDC52}.Win10 Debug|Mixed Platforms.Build.0 = Debug|Win32
		{64C02EBF-B77D-4799-BF49-2F57316BDC52}.Win10 Debug|Mixed Platforms.Deploy.0 = Debug|Win32
		{64C02EBF-B77D-4799-BF49-2F57316BDC52}.Win10 Debug|Win32.ActiveCfg = Debug|Win32
		{64C02EBF-B77D-4799-BF49-2F57316BDC52}.Win10 Debug|Win32.Build.0 = Debug|Win32
		{64C02EBF-B77D-4799-BF49-2F57316BDC52}.Win10 Debug|Win32.Deploy.0 = Debug|Win32
		{64C02EBF-B77D-4799-BF49-2F57316BDC52}.Win10 Debug|x64.ActiveCfg = Debug|x64
		{64C02EBF-B77D-4799-BF49-2F57316BDC52}.Win10 Debug|x64.Build.0 = Debug|x64
		{64C02EBF-B77D-4799-BF49-2F57316BDC52}.Win10 Release|Mixed Platforms.ActiveCfg = Release|Win32
		{64C02EBF-B77D-4799-BF49-2F57316BDC52}.Win10 Release|Mixed Platforms.Build.0 = Release|Win32
		{64C02EBF-B77D-4799-BF49-2F57316BDC52}.Win10 Release|Mixed Platforms.Deploy.0 = Release|Win32
		{64C02EBF-B77D-4799-BF49-2F57316BDC52}.Win10 Release|Win32.ActiveCfg = Release|Win32
		{64C02EBF-B77D-4799-BF49-2F57316BDC52}.Win10 Release|Win32.Build.0 = Release|Win32
		{64C02EBF-B77D-4799-BF49-2F57316BDC52}.Win10 Release|Win32.Deploy.0 = Release|Win32
		{64C02EBF-B77D-4799-BF49-2F57316BDC52}.Win10 Release|x64.ActiveCfg = Release|x64
		{64C02EBF-B77D-4799-BF49-2F57316BDC52}.Win10 Release|x64.Build.0 = Release|x64
		{64C02EBF-B77D-4799-BF49-2F57316BDC52}.Win7 Debug|Mixed Platforms.ActiveCfg = Debug|Win32
		{64C02EBF-B77D-4799-BF49-2F57316BDC52}.Win7 Debug|Mixed Platforms.Build.0 = Debug|Win32
		{64C02EBF-B77D-4799-BF49-2F57316BDC52}.Win7 Debug|Mixed Platforms.Deploy.0 = Debug|Win32
		{64C02EBF-B77D-4799-BF49-2F57316BDC52}.Win7 Debug|Win32.ActiveCfg = Debug|Win32
		{64C02EBF-B77D-4799-BF49-2F57316BDC52}.Win7 Debug|Win32.Build.0 = Debug|Win32
		{64C02EBF-B77D-4799-BF49-2F57316BDC52}.Win7 Debug|Win32.Deploy.0 = Debug|Win32
		{64C02EBF-B77D-4799-BF49-2F57316BDC52}.Win7 Debug|x64.ActiveCfg = Debug|x64
		{64C02EBF-B77D-4799-BF49-2F57316BDC52}.Win7 Debug|x64.Build.0 = Debug|x64
		{64C02EBF-B77D-4799-BF49-2F57316BDC52}.Win7 Release|Mixed Platforms.ActiveCfg = Release|Win32
		{64C02EBF-B77D-4799-BF49-2F57316BDC52}.Win7 Release|Mixed Platforms.Build.0 = Release|Win32
		{64C02EBF-B77D-4799-BF49-2F57316BDC52}.Win7 Release|Mixed Platforms.Deploy.0 = Release|Win32
		{64C02EBF-B77D-4799-BF49-2F57316BDC52}.Win7 Release|Win32.ActiveCfg = Release|Win32
		{64C02EBF-B77D-4799-BF49-2F57316BDC52}.Win7 Release|Win32.Build.0 = Release|Win32
		{64C02EBF-B77D-4799-BF49-2F57316BDC52}.Win7 Release|Win32.Deploy.0 = Release|Win32
		{64C02EBF-B77D-4799-BF49-2F57316BDC52}.Win7 Release|x64.ActiveCfg = Release|x64
		{64C02EBF-B77D-4799-BF49-2F57316BDC52}.Win7 Release|x64.Build.0 = Release|x64
		{64C02EBF-B77D-4799-BF49-2F57316BDC52}.Win8 Debug|Mixed Platforms.ActiveCfg = Debug|Win32
		{64C02EBF-B77D-4799-BF49-2F57316BDC52}.Win8 Debug|Mixed Platforms.Build.0 = Debug|Win32
		{64C02EBF-B77D-4799-BF49-2F57316BDC52}.Win8 Debug|Mixed Platforms.Deploy.0 = Debug|Win32
		{64C02EBF-B77D-4799-BF49-2F57316BDC52}.Win8 Debug|Win32.ActiveCfg = Debug|Win32
		{64C02EBF-B77D-4799-BF49-2F57316BDC52}.Win8 Debug|Win32.Build.0 = Debug|Win32
		{64C02EBF-B77D-4799-BF49-2F57316BDC52}.Win8 Debug|Win32.Deploy.0 = Debug|Win32
		{64C02EBF-B77D-4799-BF49-2F57316BDC52}.Win8 Debug|x64.ActiveCfg = Debug|x64
		{64C02EBF-B77D-4799-BF49-2F57316BDC52}.Win8 Debug|x64.Build.0 = Debug|x64
		{64C02EBF-B77D-4799-BF49-2F57316BDC52}.Win8 Release|Mixed Platforms.ActiveCfg = Release|Win32
		{64C02EBF-B77D-4799-BF49-2F57316BDC52}.Win8 Release|Mixed Platforms.Build.0 = Release|Win32
		{64C02EBF-B77D-4799-BF49-2F57316BDC52}.Win8 Release|Mixed Platforms.Deploy.0 = Release|Win32
		{64C02EBF-B77D-4799-BF49-2F57316BDC52}.Win8 Release|Win32.ActiveCfg = Release|Win32
		{64C02EBF-B77D-4799-BF49-2F57316BDC52}.Win8 Release|Win32.Build.0 = Release|Win32
		{64C02EBF-B77D-4799-BF49-2F57316BDC52}.Win8 Release|Win32.Deploy.0 = Release|Win32
		{64C02EBF-B77D-4799-BF49-2F57316BDC52}.Win8 Release|x64.ActiveCfg = Release|x64
		{64C02EBF-B77D-4799-BF49-2F57316BDC52}.Win8 Release|x64.Build.0 = Release|x64
		{64C02EBF-B77D-4799-BF49-2F57316BDC52}.Win8.1 Debug|Mixed Platforms.ActiveCfg = Debug|Win32
		{64C02EBF-B77D-4799-BF49-2F57316BDC52}.Win8.1 Debug|Mixed Platforms.Build.0 = Debug|Win32
		{64C02EBF-B77D-4799-BF49-2F57316BDC52}.Win8.1 Debug|Mixed Platforms.Deploy.0 = Debug|Win32
		{64C02EBF-B77D-4799-BF49-2F57316BDC52}.Win8.1 Debug|Win32.ActiveCfg = Debug|Win32
		{64C02EBF-B77D-4799-BF49-2F57316BDC52}.Win8.1 Debug|Win32.Build.0 = Debug|Win32
		{64C02EBF-B77D-4799-BF49-2F57316BDC52}.Win8.1 Debug|Win32.Deploy.0 = Debug|Win32
		{64C02EBF-B77D-4799-BF49-2F57316BDC52}.Win8.1 Debug|x64.ActiveCfg = Debug|x64
		{64C02EBF-B77D-4799-BF49-2F57316BDC52}.Win8.1 Debug|x64.Build.0 = Debug|x64
		{64C02EBF-B77D-4799-BF49-2F57316BDC52}.Win8.1 Release|Mixed Platforms.ActiveCfg = Release|Win32
		{64C02EBF-B77D-4799-BF49-2F57316BDC52}.Win8.1 Release|Mixed Platforms.Build.0 = Release|Win32
		{64C02EBF-B77D-4799-BF49-2F57316BDC52}.Win8.1 Release|Mixed Platforms.Deploy.0 = Release|Win32
		{64C02EBF-B77D-4799-BF49-2F57316BDC52}.Win8.1 Release|Win32.ActiveCfg = Release|Win32
		{64C02EBF-B77D-4799-BF49-2F57316BDC52}.Win8.1 Release|Win32.Build.0 = Release|Win32
		{64C02EBF-B77D-4799-BF49-2F57316BDC52}.Win8.1 Release|Win32.Deploy.0 = Release|Win32
		{64C02EBF-B77D-4799-BF49-2F57316BDC52}.Win8.1 Release|x64.ActiveCfg = Release|x64
		{64C02EBF-B77D-4799-BF49-2F57316BDC52}.Win8.1 Release|x64.Build.0 = Release|x64
		{21B846F4-389C-405D-8435-36BEFBDE199F}.Debug|Mixed Platforms.ActiveCfg = Debug|Win32
		{21B846F4-389C-405D-8435-36BEFBDE199F}.Debug|Mixed Platforms.Build.0 = Debug|Win32
		{21B846F4-389C-405D-8435-36BEFBDE199F}.Debug|Win32.ActiveCfg = Debug|Win32
		{21B846F4-389C-405D-8435-36BEFBDE199F}.Debug|Win32.Build.0 = Debug|Win32
		{21B846F4-389C-405D-8435-36BEFBDE199F}.Debug|x64.ActiveCfg = Debug|x64
		{21B846F4-389C-405D-8435-36BEFBDE199F}.Debug|x64.Build.0 = Debug|x64
		{21B846F4-389C-405D-8435-36BEFBDE199F}.Release|Mixed Platforms.ActiveCfg = Release|Win32
		{21B846F4-389C-405D-8435-36BEFBDE199F}.Release|Mixed Platforms.Build.0 = Release|Win32
		{21B846F4-389C-405D-8435-36BEFBDE199F}.Release|Win32.ActiveCfg = Release|Win32
		{21B846F4-389C-405D-8435-36BEFBDE199F}.Release|Win32.Build.0 = Release|Win32
		{21B846F4-389C-405D-8435-36BEFBDE199F}.Release|x64.ActiveCfg = Release|x64
		{21B846F4-389C-405D-8435-36BEFBDE199F}.Release|x64.Build.0 = Release|x64
		{21B846F4-389C-405D-8435-36BEFBDE199F}.Win10 Debug|Mixed Platforms.ActiveCfg = Debug|Win32
		{21B846F4-389C-405D-8435-36BEFBDE199F}.Win10 Debug|Mixed Platforms.Build.0 = Debug|Win32
		{21B846F4-389C-405D-8435-36BEFBDE199F}.Win10 Debug|Win32.ActiveCfg = Debug|Win32
		{21B846F4-389C-405D-8435-36BEFBDE199F}.Win10 Debug|Win32.Build.0 = Debug|Win32
		{21B846F4-389C-405D-8435-36BEFBDE199F}.Win10 Debug|x64.ActiveCfg = Debug|x64
		{21B846F4-389C-405D-8435-36BEFBDE199F}.Win10 Debug|x64.Build.0 = Debug|x64
		{21B846F4-389C-405D-8435-36BEFBDE199F}.Win10 Release|Mixed Platforms.ActiveCfg = Release|Win32
		{21B846F4-389C-405D-8435-36BEFBDE199F}.Win10 Release|Mixed Platforms.Build.0 = Release|Win32
		{21B846F4-389C-405D-8435-36BEFBDE199F}.Win10 Release|Win32.ActiveCfg = Release|Win32
		{21B846F4-389C-405D-8435-36BEFBDE199F}.Win10 Release|Win32.Build.0 = Release|Win32
		{21B846F4-389C-405D-8435-36BEFBDE199F}.Win10 Release|x64.ActiveCfg = Release|x64
		{21B846F4-389C-405D-8435-36BEFBDE199F}.Win10 Release|x64.Build.0 = Release|x64
		{21B846F4-389C-405D-8435-36BEFBDE199F}.Win7 Debug|Mixed Platforms.ActiveCfg = Debug|Win32
		{21B846F4-389C-405D-8435-36BEFBDE199F}.Win7 Debug|Mixed Platforms.Build.0 = Debug|Win32
		{21B846F4-389C-405D-8435-36BEFBDE199F}.Win7 Debug|Win32.ActiveCfg = Debug|Win32
		{21B846F4-389C-405D-8435-36BEFBDE199F}.Win7 Debug|Win32.Build.0 = Debug|Win32
		{21B846F4-389C-405D-8435-36BEFBDE199F}.Win7 Debug|x64.ActiveCfg = Debug|x64
		{21B846F4-389C-405D-8435-36BEFBDE199F}.Win7 Debug|x64.Build.0 = Debug|x64
		{21B846F4-389C-405D-8435-36BEFBDE199F}.Win7 Release|Mixed Platforms.ActiveCfg = Release|Win32
		{21B846F4-389C-405D-8435-36BEFBDE199F}.Win7 Release|Mixed Platforms.Build.0 = Release|Win32
		{21B846F4-389C-405D-8435-36BEFBDE199F}.Win7 Release|Win32.ActiveCfg = Release|Win32
		{21B846F4-389C-405D-8435-36BEFBDE199F}.Win7 Release|Win32.Build.0 = Release|Win32
		{21B846F4-389C-405D-8435-36BEFBDE199F}.Win7 Release|x64.ActiveCfg = Release|x64
		{21B846F4-389C-405D-8435-36BEFBDE199F}.Win7 Release|x64.Build.0 = Release|x64
		{21B846F4-389C-405D-8435-36BEFBDE199F}.Win8 Debug|Mixed Platforms.ActiveCfg = Debug|Win32
		{21B846F4-389C-405D-8435-36BEFBDE199F}.Win8 Debug|Mixed Platforms.Build.0 = Debug|Win32
		{21B846F4-389C-405D-8435-36BEFBDE199F}.Win8 Debug|Win32.ActiveCfg = Debug|Win32
		{21B846F4-389C-405D-8435-36BEFBDE199F}.Win8 Debug|Win32.Build.0 = Debug|Win32
		{21B846F4-389C-405D-8435-36BEFBDE199F}.Win8 Debug|x64.ActiveCfg = Debug|x64
		{21B846F4-389C-405D-8435-36BEFBDE199F}.Win8 Debug|x64.Build.0 = Debug|x64
		{21B846F4-389C-405D-8435-36BEFBDE199F}.Win8 Release|Mixed Platforms.ActiveCfg = Release|Win32
		{21B846F4-389C-405D-8435-36BEFBDE199F}.Win8 Release|Mixed Platforms.Build.0 = Release|Win32
		{21B846F4-389C-405D-8435-36BEFBDE199F}.Win8 Release|Win32.ActiveCfg = Release|Win32
		{21B846F4-389C-405D-8435-36BEFBDE199F}.Win8 Release|Win32.Build.0 = Release|Win32
		{21B846F4-389C-405D-8435-36BEFBDE199F}.Win8 Release|x64.ActiveCfg = Release|x64
		{21B846F4-389C-405D-8435-36BEFBDE199F}.Win8 Release|x64.Build.0 = Release|x64
		{21B846F4-389C-405D-8435-36BEFBDE199F}.Win8.1 Debug|Mixed Platforms.ActiveCfg = Debug|Win32
		{21B846F4-389C-405D-8435-36BEFBDE199F}.Win8.1 Debug|Mixed Platforms.Build.0 = Debug|Win32
		{21B846F4-389C-405D-8435-36BEFBDE199F}.Win8.1 Debug|Win32.ActiveCfg = Debug|Win32
		{21B846F4-389C-405D-8435-36BEFBDE199F}.Win8.1 Debug|Win32.Build.0 = Debug|Win32
		{21B846F4-389C-405D-8435-36BEFBDE199F}.Win8.1 Debug|x64.ActiveCfg = Debug|x64
		{21B846F4-389C-405D-8435-36BEFBDE199F}.Win8.1 Debug|x64.Build.0 = Debug|x64
		{21B846F4-389C-405D-8435-36BEFBDE199F}.Win8.1 Release|Mixed Platforms.ActiveCfg = Release|Win32
		{21B846F4-389C-405D-8435-36BEFBDE199F}.Win8.1 Release|Mixed Platforms.Build.0 = Release|Win32
		{21B846F4-389C-405D-8435-36BEFBDE199F}.Win8.1 Release|Win32.ActiveCfg = Release|Win32
		{21B846F4-389C-405D-8435-36BEFBDE199F}.Win8.1 Release|Win32.Build.0 = Release|Win32
		{21B846F4-389C-405D-8435-36BEFBDE199F}.Win8.1 Release|x64.ActiveCfg = Release|x64
		{21B846F4-389C-405D-8435-36BEFBDE199F}.Win8.1 Release|x64.Build.0 = Release|x64
		{92C849B7-8375-4E5F-928A-A35A8B3B538E}.Debug|Mixed Platforms.ActiveCfg = Debug|Win32
		{92C849B7-8375-4E5F-928A-A35A8B3B538E}.Debug|Mixed Platforms.Build.0 = Debug|Win32
		{92C849B7-8375-4E5F-928A-A35A8B3B538E}.Debug|Win32.ActiveCfg = Debug|Win32
		{92C849B7-8375-4E5F-928A-A35A8B3B538E}.Debug|Win32.Build.0 = Debug|Win32
		{92C849B7-8375-4E5F-928A-A35A8B3B538E}.Debug|x64.ActiveCfg = Debug|x64
		{92C849B7-8375-4E5F-928A-A35A8B3B538E}.Debug|x64.Build.0 = Debug|x64
		{92C849B7-8375-4E5F-928A-A35A8B3B538E}.Release|Mixed Platforms.ActiveCfg = Release|Win32
		{92C849B7-8375-4E5F-928A-A35A8B3B538E}.Release|Mixed Platforms.Build.0 = Release|Win32
		{92C849B7-8375-4E5F-928A-A35A8B3B538E}.Release|Win32.ActiveCfg = Release|Win32
		{92C849B7-8375-4E5F-928A-A35A8B3B538E}.Release|Win32.Build.0 = Release|Win32
		{92C849B7-8375-4E5F-928A-A35A8B3B538E}.Release|x64.ActiveCfg = Release|x64
		{92C849B7-8375-4E5F-928A-A35A8B3B538E}.Release|x64.Build.0 = Release|x64
		{92C849B7-8375-4E5F-928A-A35A8B3B538E}.Win10 Debug|Mixed Platforms.ActiveCfg = Debug|Win32
		{92C849B7-8375-4E5F-928A-A35A8B3B538E}.Win10 Debug|Mixed Platforms.Build.0 = Debug|Win32
		{92C849B7-8375-4E5F-928A-A35A8B3B538E}.Win10 Debug|Win32.ActiveCfg = Debug|Win32
		{92C849B7-8375-4E5F-928A-A35A8B3B538E}.Win10 Debug|Win32.Build.0 = Debug|Win32
		{92C849B7-8375-4E5F-928A-A35A8B3B538E}.Win10 Debug|x64.ActiveCfg = Debug|x64
		{92C849B7-8375-4E5F-928A-A35A8B3B538E}.Win10 Debug|x64.Build.0 = Debug|x64
		{92C849B7-8375-4E5F-928A-A35A8B3B538E}.Win10 Release|Mixed Platforms.ActiveCfg = Release|Win32
		{92C849B7-8375-4E5F-928A-A35A8B3B538E}.Win10 Release|Mixed Platforms.Build.0 = Release|Win32
		{92C849B7-8375-4E5F-928A-A35A8B3B538E}.Win10 Release|Win32.ActiveCfg = Release|Win32
		{92C849B7-8375-4E5F-928A-A35A8B3B538E}.Win10 Release|Win32.Build.0 = Release|Win32
		{92C849B7-8375-4E5F-928A-A35A8B3B538E}.Win10 Release|x64.ActiveCfg = Release|x64
		{92C849B7-8375-4E5F-928A-A35A8B3B538E}.Win10 Release|x64.Build.0 = Release|x64
		{92C849B7-8375-4E5F-928A-A35A8B3B538E}.Win7 Debug|Mixed Platforms.ActiveCfg = Debug|Win32
		{92C849B7-8375-4E5F-928A-A35A8B3B538E}.Win7 Debug|Mixed Platforms.Build.0 = Debug|Win32
		{92C849B7-8375-4E5F-928A-A35A8B3B538E}.Win7 Debug|Win32.ActiveCfg = Debug|Win32
		{92C849B7-8375-4E5F-928A-A35A8B3B538E}.Win7 Debug|Win32.Build.0 = Debug|Win32
		{92C849B7-8375-4E5F-928A-A35A8B3B538E}.Win7 Debug|x64.ActiveCfg = Debug|x64
		{92C849B7-8375-4E5F-928A-A35A8B3B538E}.Win7 Debug|x64.Build.0 = Debug|x64
		{92C849B7-8375-4E5F-928A-A35A8B3B538E}.Win7 Release|Mixed Platforms.ActiveCfg = Release|Win32
		{92C849B7-8375-4E5F-928A-A35A8B3B538E}.Win7 Release|Mixed Platforms.Build.0 = Release|Win32
		{92C849B7-8375-4E5F-928A-A35A8B3B538E}.Win7 Release|Win32.ActiveCfg = Release|Win32
		{92C849B7-8375-4E5F-928A-A35A8B3B538E}.Win7 Release|Win32.Build.0 = Release|Win32
		{92C849B7-8375-4E5F-928A-A35A8B3B538E}.Win7 Release|x64.ActiveCfg = Release|x64
		{92C849B7-8375-4E5F-928A-A35A8B3B538E}.Win7 Release|x64.Build.0 = Release|x64
		{92C849B7-8375-4E5F-928A-A35A8B3B538E}.Win8 Debug|Mixed Platforms.ActiveCfg = Debug|Win32
		{92C849B7-8375-4E5F-928A-A35A8B3B538E}.Win8 Debug|Mixed Platforms.Build.0 = Debug|Win32
		{92C849B7-8375-4E5F-928A-A35A8B3B538E}.Win8 Debug|Win32.ActiveCfg = Debug|Win32
		{92C849B7-8375-4E5F-928A-A35A8B3B538E}.Win8 Debug|Win32.Build.0 = Debug|Win32
		{92C849B7-8375-4E5F-928A-A35A8B3B538E}.Win8 Debug|x64.ActiveCfg = Debug|x64
		{92C849B7-8375-4E5F-928A-A35A8B3B538E}.Win8 Debug|x64.Build.0 = Debug|x64
		{92C849B7-8375-4E5F-928A-A35A8B3B538E}.Win8 Release|Mixed Platforms.ActiveCfg = Release|Win32
		{92C849B7-8375-4E5F-928A-A35A8B3B538E}.Win8 Release|Mixed Platforms.Build.0 = Release|Win32
		{92C849B7-8375-4E5F-928A-A35A8B3B538E}.Win8 Release|Win32.ActiveCfg = Release|Win32
		{92C849B7-8375-4E5F-928A-A35A8B3B538E}.Win8 Release|Win32.Build.0 = Release|Win32
		{92C849B7-8375-4E5F-928A-A35A8B3B538E}.Win8 Release|x64.ActiveCfg = Release|x64
		{92C849B7-8375-4E5F-928A-A35A8B3B538E}.Win8 Release|x64.Build.0 = Release|x64
		{92C849B7-8375-4E5F-928A-A35A8B3B538E}.Win8.1 Debug|Mixed Platforms.ActiveCfg = Debug|Win32
		{92C849B7-8375-4E5F-928A-A35A8B3B538E}.Win8.1 Debug|Mixed Platforms.Build.0 = Debug|Win32
		{92C849B7-8375-4E5F-928A-A35A8B3B538E}.Win8.1 Debug|Win32.ActiveCfg = Debug|Win32
		{92C849B7-8375-4E5F-928A-A35A8B3B538E}.Win8.1 Debug|Win32.Build.0 = Debug|Win32
		{92C849B7-8375-4E5F-928A-A35A8B3B538E}.Win8.1 Debug|x64.ActiveCfg = Debug|x64
		{92C849B7-8375-4E5F-928A-A35A8B3B538E}.Win8.1 Debug|x64.Build.0 = Debug|x64
		{92C849B7-8375-4E5F-928A-A35A8B3B538E}.Win8.1 Release|Mixed Platforms.ActiveCfg = Release|Win32
		{92C849B7-8375-4E5F-928A-A35A8B3B538E}.Win8.1 Release|Mixed Platforms.Build.0 = Release|Win32
		{92C849B7-8375-4E5F-928A-A35A8B3B538E}.Win8.1 Release|Win32.ActiveCfg = Release|Win32
		{92C849B7-8375-4E5F-928A-A35A8B3B538E}.Win8.1 Release|Win32.Build.0 = Release|Win32
		{92C849B7-8375-4E5F-928A-A35A8B3B538E}.Win8.1 Release|x64.ActiveCfg = Release|x64
		{92C849B7-8375-4E5F-928A-A35A8B3B538E}.Win8.1 Release|x64.Build.0 = Release|x64
		{8E2AFF0F-4D0F-41EA-8EEC-58EDD265E32F}.Debug|Mixed Platforms.ActiveCfg = Debug|Win32
		{8E2AFF0F-4D0F-41EA-8EEC-58EDD265E32F}.Debug|Mixed Platforms.Build.0 = Debug|Win32
		{8E2AFF0F-4D0F-41EA-8EEC-58EDD265E32F}.Debug|Win32.ActiveCfg = Debug|Win32
		{8E2AFF0F-4D0F-41EA-8EEC-58EDD265E32F}.Debug|Win32.Build.0 = Debug|Win32
		{8E2AFF0F-4D0F-41EA-8EEC-58EDD265E32F}.Debug|x64.ActiveCfg = Debug|x64
		{8E2AFF0F-4D0F-41EA-8EEC-58EDD265E32F}.Debug|x64.Build.0 = Debug|x64
		{8E2AFF0F-4D0F-41EA-8EEC-58EDD265E32F}.Release|Mixed Platforms.ActiveCfg = Release|Win32
		{8E2AFF0F-4D0F-41EA-8EEC-58EDD265E32F}.Release|Mixed Platforms.Build.0 = Release|Win32
		{8E2AFF0F-4D0F-41EA-8EEC-58EDD265E32F}.Release|Win32.ActiveCfg = Release|Win32
		{8E2AFF0F-4D0F-41EA-8EEC-58EDD265E32F}.Release|Win32.Build.0 = Release|Win32
		{8E2AFF0F-4D0F-41EA-8EEC-58EDD265E32F}.Release|x64.ActiveCfg = Release|x64
		{8E2AFF0F-4D0F-41EA-8EEC-58EDD265E32F}.Release|x64.Build.0 = Release|x64
		{8E2AFF0F-4D0F-41EA-8EEC-58EDD265E32F}.Win10 Debug|Mixed Platforms.ActiveCfg = Debug|Win32
		{8E2AFF0F-4D0F-41EA-8EEC-58EDD265E32F}.Win10 Debug|Mixed Platforms.Build.0 = Debug|Win32
		{8E2AFF0F-4D0F-41EA-8EEC-58EDD265E32F}.Win10 Debug|Win32.ActiveCfg = Debug|Win32
		{8E2AFF0F-4D0F-41EA-8EEC-58EDD265E32F}.Win10 Debug|Win32.Build.0 = Debug|Win32
		{8E2AFF0F-4D0F-41EA-8EEC-58EDD265E32F}.Win10 Debug|x64.ActiveCfg = Debug|x64
		{8E2AFF0F-4D0F-41EA-8EEC-58EDD265E32F}.Win10 Debug|x64.Build.0 = Debug|x64
		{8E2AFF0F-4D0F-41EA-8EEC-58EDD265E32F}.Win10 Release|Mixed Platforms.ActiveCfg = Release|Win32
		{8E2AFF0F-4D0F-41EA-8EEC-58EDD265E32F}.Win10 Release|Mixed Platforms.Build.0 = Release|Win32
		{8E2AFF0F-4D0F-41EA-8EEC-58EDD265E32F}.Win10 Release|Win32.ActiveCfg = Release|Win32
		{8E2AFF0F-4D0F-41EA-8EEC-58EDD265E32F}.Win10 Release|Win32.Build.0 = Release|Win32
		{8E2AFF0F-4D0F-41EA-8EEC-58EDD265E32F}.Win10 Release|x64.ActiveCfg = Release|x64
		{8E2AFF0F-4D0F-41EA-8EEC-58EDD265E32F}.Win10 Release|x64.Build.0 = Release|x64
		{8E2AFF0F-4D0F-41EA-8EEC-58EDD265E32F}.Win7 Debug|Mixed Platforms.ActiveCfg = Debug|Win32
		{8E2AFF0F-4D0F-41EA-8EEC-58EDD265E32F}.Win7 Debug|Mixed Platforms.Build.0 = Debug|Win32
		{8E2AFF0F-4D0F-41EA-8EEC-58EDD265E32F}.Win7 Debug|Win32.ActiveCfg = Debug|Win32
		{8E2AFF0F-4D0F-41EA-8EEC-58EDD265E32F}.Win7 Debug|Win32.Build.0 = Debug|Win32
		{8E2AFF0F-4D0F-41EA-8EEC-58EDD265E32F}.Win7 Debug|x64.ActiveCfg = Debug|x64
		{8E2AFF0F-4D0F-41EA-8EEC-58EDD265E32F}.Win7 Debug|x64.Build.0 = Debug|x64
		{8E2AFF0F-4D0F-41EA-8EEC-58EDD265E32F}.Win7 Release|Mixed Platforms.ActiveCfg = Release|Win32
		{8E2AFF0F-4D0F-41EA-8EEC-58EDD265E32F}.Win7 Release|Mixed Platforms.Build.0 = Release|Win32
		{8E2AFF0F-4D0F-41EA-8EEC-58EDD265E32F}.Win7 Release|Win32.ActiveCfg = Release|Win32
		{8E2AFF0F-4D0F-41EA-8EEC-58EDD265E32F}.Win7 Release|Win32.Build.0 = Release|Win32
		{8E2AFF0F-4D0F-41EA-8EEC-58EDD265E32F}.Win7 Release|x64.ActiveCfg = Release|x64
		{8E2AFF0F-4D0F-41EA-8EEC-58EDD265E32F}.Win7 Release|x64.Build.0 = Release|x64
		{8E2AFF0F-4D0F-41EA-8EEC-58EDD265E32F}.Win8 Debug|Mixed Platforms.ActiveCfg = Debug|Win32
		{8E2AFF0F-4D0F-41EA-8EEC-58EDD265E32F}.Win8 Debug|Mixed Platforms.Build.0 = Debug|Win32
		{8E2AFF0F-4D0F-41EA-8EEC-58EDD265E32F}.Win8 Debug|Win32.ActiveCfg = Debug|Win32
		{8E2AFF0F-4D0F-41EA-8EEC-58EDD265E32F}.Win8 Debug|Win32.Build.0 = Debug|Win32
		{8E2AFF0F-4D0F-41EA-8EEC-58EDD265E32F}.Win8 Debug|x64.ActiveCfg = Debug|x64
		{8E2AFF0F-4D0F-41EA-8EEC-58EDD265E32F}.Win8 Debug|x64.Build.0 = Debug|x64
		{8E2AFF0F-4D0F-41EA-8EEC-58EDD265E32F}.Win8 Release|Mixed Platforms.ActiveCfg = Release|Win32
		{8E2AFF0F-4D0F-41EA-8EEC-58EDD265E32F}.Win8 Release|Mixed Platforms.Build.0 = Release|Win32
		{8E2AFF0F-4D0F-41EA-8EEC-58EDD265E32F}.Win8 Release|Win32.ActiveCfg = Release|Win32
		{8E2AFF0F-4D0F-41EA-8EEC-58EDD265E32F}.Win8 Release|Win32.Build.0 = Release|Win32
		{8E2AFF0F-4D0F-41EA-8EEC-58EDD265E32F}.Win8 Release|x64.ActiveCfg = Release|x64
		{8E2AFF0F-4D0F-41EA-8EEC-58EDD265E32F}.Win8 Release|x64.Build.0 = Release|x64
		{8E2AFF0F-4D0F-41EA-8EEC-58EDD265E32F}.Win8.1 Debug|Mixed Platforms.ActiveCfg = Debug|Win32
		{8E2AFF0F-4D0F-41EA-8EEC-58EDD265E32F}.Win8.1 Debug|Mixed Platforms.Build.0 = Debug|Win32
		{8E2AFF0F-4D0F-41EA-8EEC-58EDD265E32F}.Win8.1 Debug|Win32.ActiveCfg = Debug|Win32
		{8E2AFF0F-4D0F-41EA-8EEC-58EDD265E32F}.Win8.1 Debug|Win32.Build.0 = Debug|Win32
		{8E2AFF0F-4D0F-41EA-8EEC-58EDD265E32F}.Win8.1 Debug|x64.ActiveCfg = Debug|x64
		{8E2AFF0F-4D0F-41EA-8EEC-58EDD265E32F}.Win8.1 Debug|x64.Build.0 = Debug|x64
		{8E2AFF0F-4D0F-41EA-8EEC-58EDD265E32F}.Win8.1 Release|Mixed Platforms.ActiveCfg = Release|Win32
		{8E2AFF0F-4D0F-41EA-8EEC-58EDD265E32F}.Win8.1 Release|Mixed Platforms.Build.0 = Release|Win32
		{8E2AFF0F-4D0F-41EA-8EEC-58EDD265E32F}.Win8.1 Release|Win32.ActiveCfg = Release|Win32
		{8E2AFF0F-4D0F-41EA-8EEC-58EDD265E32F}.Win8.1 Release|Win32.Build.0 = Release|Win32
		{8E2AFF0F-4D0F-41EA-8EEC-58EDD265E32F}.Win8.1 Release|x64.ActiveCfg = Release|x64
		{8E2AFF0F-4D0F-41EA-8EEC-58EDD265E32F}.Win8.1 Release|x64.Build.0 = Release|x64
		{1F89BC99-FA9B-4883-854E-948BE0A005D8}.Debug|Mixed Platforms.ActiveCfg = Debug|Win32
		{1F89BC99-FA9B-4883-854E-948BE0A005D8}.Debug|Mixed Platforms.Build.0 = Debug|Win32
		{1F89BC99-FA9B-4883-854E-948BE0A005D8}.Debug|Win32.ActiveCfg = Debug|Win32
		{1F89BC99-FA9B-4883-854E-948BE0A005D8}.Debug|Win32.Build.0 = Debug|Win32
		{1F89BC99-FA9B-4883-854E-948BE0A005D8}.Debug|x64.ActiveCfg = Debug|x64
		{1F89BC99-FA9B-4883-854E-948BE0A005D8}.Debug|x64.Build.0 = Debug|x64
		{1F89BC99-FA9B-4883-854E-948BE0A005D8}.Release|Mixed Platforms.ActiveCfg = Release|Win32
		{1F89BC99-FA9B-4883-854E-948BE0A005D8}.Release|Mixed Platforms.Build.0 = Release|Win32
		{1F89BC99-FA9B-4883-854E-948BE0A005D8}.Release|Win32.ActiveCfg = Release|Win32
		{1F89BC99-FA9B-4883-854E-948BE0A005D8}.Release|Win32.Build.0 = Release|Win32
		{1F89BC99-FA9B-4883-854E-948BE0A005D8}.Release|x64.ActiveCfg = Release|x64
		{1F89BC99-FA9B-4883-854E-948BE0A005D8}.Release|x64.Build.0 = Release|x64
		{1F89BC99-FA9B-4883-854E-948BE0A005D8}.Win10 Debug|Mixed Platforms.ActiveCfg = Debug|Win32
		{1F89BC99-FA9B-4883-854E-948BE0A005D8}.Win10 Debug|Mixed Platforms.Build.0 = Debug|Win32
		{1F89BC99-FA9B-4883-854E-948BE0A005D8}.Win10 Debug|Win32.ActiveCfg = Debug|Win32
		{1F89BC99-FA9B-4883-854E-948BE0A005D8}.Win10 Debug|Win32.Build.0 = Debug|Win32
		{1F89BC99-FA9B-4883-854E-948BE0A005D8}.Win10 Debug|x64.ActiveCfg = Debug|x64
		{1F89BC99-FA9B-4883-854E-948BE0A005D8}.Win10 Debug|x64.Build.0 = Debug|x64
		{1F89BC99-FA9B-4883-854E-948BE0A005D8}.Win10 Release|Mixed Platforms.ActiveCfg = Release|Win32
		{1F89BC99-FA9B-4883-854E-948BE0A005D8}.Win10 Release|Mixed Platforms.Build.0 = Release|Win32
		{1F89BC99-FA9B-4883-854E-948BE0A005D8}.Win10 Release|Win32.ActiveCfg = Release|Win32
		{1F89BC99-FA9B-4883-854E-948BE0A005D8}.Win10 Release|Win32.Build.0 = Release|Win32
		{1F89BC99-FA9B-4883-854E-948BE0A005D8}.Win10 Release|x64.ActiveCfg = Release|x64
		{1F89BC99-FA9B-4883-854E-948BE0A005D8}.Win10 Release|x64.Build.0 = Release|x64
		{1F89BC99-FA9B-4883-854E-948BE0A005D8}.Win7 Debug|Mixed Platforms.ActiveCfg = Debug|Win32
		{1F89BC99-FA9B-4883-854E-948BE0A005D8}.Win7 Debug|Mixed Platforms.Build.0 = Debug|Win32
		{1F89BC99-FA9B-4883-854E-948BE0A005D8}.Win7 Debug|Win32.ActiveCfg = Debug|Win32
		{1F89BC99-FA9B-4883-854E-948BE0A005D8}.Win7 Debug|Win32.Build.0 = Debug|Win32
		{1F89BC99-FA9B-4883-854E-948BE0A005D8}.Win7 Debug|x64.ActiveCfg = Debug|x64
		{1F89BC99-FA9B-4883-854E-948BE0A005D8}.Win7 Debug|x64.Build.0 = Debug|x64
		{1F89BC99-FA9B-4883-854E-948BE0A005D8}.Win7 Release|Mixed Platforms.ActiveCfg = Release|Win32
		{1F89BC99-FA9B-4883-854E-948BE0A005D8}.Win7 Release|Mixed Platforms.Build.0 = Release|Win32
		{1F89BC99-FA9B-4883-854E-948BE0A005D8}.Win7 Release|Win32.ActiveCfg = Release|Win32
		{1F89BC99-FA9B-4883-854E-948BE0A005D8}.Win7 Release|Win32.Build.0 = Release|Win32
		{1F89BC99-FA9B-4883-854E-948BE0A005D8}.Win7 Release|x64.ActiveCfg = Release|x64
		{1F89BC99-FA9B-4883-854E-948BE0A005D8}.Win7 Release|x64.Build.0 = Release|x64
		{1F89BC99-FA9B-4883-854E-948BE0A005D8}.Win8 Debug|Mixed Platforms.ActiveCfg = Debug|Win32
		{1F89BC99-FA9B-4883-854E-948BE0A005D8}.Win8 Debug|Mixed Platforms.Build.0 = Debug|Win32
		{1F89BC99-FA9B-4883-854E-948BE0A005D8}.Win8 Debug|Win32.ActiveCfg = Debug|Win32
		{1F89BC99-FA9B-4883-854E-948BE0A005D8}.Win8 Debug|Win32.Build.0 = Debug|Win32
		{1F89BC99-FA9B-4883-854E-948BE0A005D8}.Win8 Debug|x64.ActiveCfg = Debug|x64
		{1F89BC99-FA9B-4883-854E-948BE0A005D8}.Win8 Debug|x64.Build.0 = Debug|x64
		{1F89BC99-FA9B-4883-854E-948BE0A005D8}.Win8 Release|Mixed Platforms.ActiveCfg = Release|Win32
		{1F89BC99-FA9B-4883-854E-948BE0A005D8}.Win8 Release|Mixed Platforms.Build.0 = Release|Win32
		{1F89BC99-FA9B-4883-854E-948BE0A005D8}.Win8 Release|Win32.ActiveCfg = Release|Win32
		{1F89BC99-FA9B-4883-854E-948BE0A005D8}.Win8 Release|Win32.Build.0 = Release|Win32
		{1F89BC99-FA9B-4883-854E-948BE0A005D8}.Win8 Release|x64.ActiveCfg = Release|x64
		{1F89BC99-FA9B-4883-854E-948BE0A005D8}.Win8 Release|x64.Build.0 = Release|x64
		{1F89BC99-FA9B-4883-854E-948BE0A005D8}.Win8.1 Debug|Mixed Platforms.ActiveCfg = Debug|Win32
		{1F89BC99-FA9B-4883-854E-948BE0A005D8}.Win8.1 Debug|Mixed Platforms.Build.0 = Debug|Win32
		{1F89BC99-FA9B-4883-854E-948BE0A005D8}.Win8.1 Debug|Win32.ActiveCfg = Debug|Win32
		{1F89BC99-FA9B-4883-854E-948BE0A005D8}.Win8.1 Debug|Win32.Build.0 = Debug|Win32
		{1F89BC99-FA9B-4883-854E-948BE0A005D8}.Win8.1 Debug|x64.ActiveCfg = Debug|x64
		{1F89BC99-FA9B-4883-854E-948BE0A005D8}.Win8.1 Debug|x64.Build.0 = Debug|x64
		{1F89BC99-FA9B-4883-854E-948BE0A005D8}.Win8.1 Release|Mixed Platforms.ActiveCfg = Release|Win32
		{1F89BC99-FA9B-4883-854E-948BE0A005D8}.Win8.1 Release|Mixed Platforms.Build.0 = Release|Win32
		{1F89BC99-FA9B-4883-854E-948BE0A005D8}.Win8.1 Release|Win32.ActiveCfg = Release|Win32
		{1F89BC99-FA9B-4883-854E-948BE0A005D8}.Win8.1 Release|Win32.Build.0 = Release|Win32
		{1F89BC99-FA9B-4883-854E-948BE0A005D8}.Win8.1 Release|x64.ActiveCfg = Release|x64
		{1F89BC99-FA9B-4883-854E-948BE0A005D8}.Win8.1 Release|x64.Build.0 = Release|x64
		{328D34D4-81B2-49B1-B641-CA4DC8A7E607}.Debug|Mixed Platforms.ActiveCfg = Debug|Win32
		{328D34D4-81B2-49B1-B641-CA4DC8A7E607}.Debug|Mixed Platforms.Build.0 = Debug|Win32
		{328D34D4-81B2-49B1-B641-CA4DC8A7E607}.Debug|Win32.ActiveCfg = Debug|Win32
		{328D34D4-81B2-49B1-B641-CA4DC8A7E607}.Debug|Win32.Build.0 = Debug|Win32
		{328D34D4-81B2-49B1-B641-CA4DC8A7E607}.Debug|x64.ActiveCfg = Debug|x64
		{328D34D4-81B2-49B1-B641-CA4DC8A7E607}.Debug|x64.Build.0 = Debug|x64
		{328D34D4-81B2-49B1-B641-CA4DC8A7E607}.Release|Mixed Platforms.ActiveCfg = Release|Win32
		{328D34D4-81B2-49B1-B641-CA4DC8A7E607}.Release|Mixed Platforms.Build.0 = Release|Win32
		{328D34D4-81B2-49B1-B641-CA4DC8A7E607}.Release|Win32.ActiveCfg = Release|Win32
		{328D34D4-81B2-49B1-B641-CA4DC8A7E607}.Release|Win32.Build.0 = Release|Win32
		{328D34D4-81B2-49B1-B641-CA4DC8A7E607}.Release|x64.ActiveCfg = Release|x64
		{328D34D4-81B2-49B1-B641-CA4DC8A7E607}.Release|x64.Build.0 = Release|x64
		{328D34D4-81B2-49B1-B641-CA4DC8A7E607}.Win10 Debug|Mixed Platforms.ActiveCfg = Debug|Win32
		{328D34D4-81B2-49B1-B641-CA4DC8A7E607}.Win10 Debug|Mixed Platforms.Build.0 = Debug|Win32
		{328D34D4-81B2-49B1-B641-CA4DC8A7E607}.Win10 Debug|Win32.ActiveCfg = Debug|Win32
		{328D34D4-81B2-49B1-B641-CA4DC8A7E607}.Win10 Debug|Win32.Build.0 = Debug|Win32
		{328D34D4-81B2-49B1-B641-CA4DC8A7E607}.Win10 Debug|x64.ActiveCfg = Debug|x64
		{328D34D4-81B2-49B1-B641-CA4DC8A7E607}.Win10 Debug|x64.Build.0 = Debug|x64
		{328D34D4-81B2-49B1-B641-CA4DC8A7E607}.Win10 Release|Mixed Platforms.ActiveCfg = Release|Win32
		{328D34D4-81B2-49B1-B641-CA4DC8A7E607}.Win10 Release|Mixed Platforms.Build.0 = Release|Win32
		{328D34D4-81B2-49B1-B641-CA4DC8A7E607}.Win10 Release|Win32.ActiveCfg = Release|Win32
		{328D34D4-81B2-49B1-B641-CA4DC8A7E607}.Win10 Release|Win32.Build.0 = Release|Win32
		{328D34D4-81B2-49B1-B641-CA4DC8A7E607}.Win10 Release|x64.ActiveCfg = Release|x64
		{328D34D4-81B2-49B1-B641-CA4DC8A7E607}.Win10 Release|x64.Build.0 = Release|x64
		{328D34D4-81B2-49B1-B641-CA4DC8A7E607}.Win7 Debug|Mixed Platforms.ActiveCfg = Debug|Win32
		{328D34D4-81B2-49B1-B641-CA4DC8A7E607}.Win7 Debug|Mixed Platforms.Build.0 = Debug|Win32
		{328D34D4-81B2-49B1-B641-CA4DC8A7E607}.Win7 Debug|Win32.ActiveCfg = Debug|Win32
		{328D34D4-81B2-49B1-B641-CA4DC8A7E607}.Win7 Debug|Win32.Build.0 = Debug|Win32
		{328D34D4-81B2-49B1-B641-CA4DC8A7E607}.Win7 Debug|x64.ActiveCfg = Debug|x64
		{328D34D4-81B2-49B1-B641-CA4DC8A7E607}.Win7 Debug|x64.Build.0 = Debug|x64
		{328D34D4-81B2-49B1-B641-CA4DC8A7E607}.Win7 Release|Mixed Platforms.ActiveCfg = Release|Win32
		{328D34D4-81B2-49B1-B641-CA4DC8A7E607}.Win7 Release|Mixed Platforms.Build.0 = Release|Win32
		{328D34D4-81B2-49B1-B641-CA4DC8A7E607}.Win7 Release|Win32.ActiveCfg = Release|Win32
		{328D34D4-81B2-49B1-B641-CA4DC8A7E607}.Win7 Release|Win32.Build.0 = Release|Win32
		{328D34D4-81B2-49B1-B641-CA4DC8A7E607}.Win7 Release|x64.ActiveCfg = Release|x64
		{328D34D4-81B2-49B1-B641-CA4DC8A7E607}.Win7 Release|x64.Build.0 = Release|x64
		{328D34D4-81B2-49B1-B641-CA4DC8A7E607}.Win8 Debug|Mixed Platforms.ActiveCfg = Debug|Win32
		{328D34D4-81B2-49B1-B641-CA4DC8A7E607}.Win8 Debug|Mixed Platforms.Build.0 = Debug|Win32
		{328D34D4-81B2-49B1-B641-CA4DC8A7E607}.Win8 Debug|Win32.ActiveCfg = Debug|Win32
		{328D34D4-81B2-49B1-B641-CA4DC8A7E607}.Win8 Debug|Win32.Build.0 = Debug|Win32
		{328D34D4-81B2-49B1-B641-CA4DC8A7E607}.Win8 Debug|x64.ActiveCfg = Debug|x64
		{328D34D4-81B2-49B1-B641-CA4DC8A7E607}.Win8 Debug|x64.Build.0 = Debug|x64
		{328D34D4-81B2-49B1-B641-CA4DC8A7E607}.Win8 Release|Mixed Platforms.ActiveCfg = Release|Win32
		{328D34D4-81B2-49B1-B641-CA4DC8A7E607}.Win8 Release|Mixed Platforms.Build.0 = Release|Win32
		{328D34D4-81B2-49B1-B641-CA4DC8A7E607}.Win8 Release|Win32.ActiveCfg = Release|Win32
		{328D34D4-81B2-49B1-B641-CA4DC8A7E607}.Win8 Release|Win32.Build.0 = Release|Win32
		{328D34D4-81B2-49B1-B641-CA4DC8A7E607}.Win8 Release|x64.ActiveCfg = Release|x64
		{328D34D4-81B2-49B1-B641-CA4DC8A7E607}.Win8 Release|x64.Build.0 = Release|x64
		{328D34D4-81B2-49B1-B641-CA4DC8A7E607}.Win8.1 Debug|Mixed Platforms.ActiveCfg = Debug|Win32
		{328D34D4-81B2-49B1-B641-CA4DC8A7E607}.Win8.1 Debug|Mixed Platforms.Build.0 = Debug|Win32
		{328D34D4-81B2-49B1-B641-CA4DC8A7E607}.Win8.1 Debug|Win32.ActiveCfg = Debug|Win32
		{328D34D4-81B2-49B1-B641-CA4DC8A7E607}.Win8.1 Debug|Win32.Build.0 = Debug|Win32
		{328D34D4-81B2-49B1-B641-CA4DC8A7E607}.Win8.1 Debug|x64.ActiveCfg = Debug|x64
		{328D34D4-81B2-49B1-B641-CA4DC8A7E607}.Win8.1 Debug|x64.Build.0 = Debug|x64
		{328D34D4-81B2-49B1-B641-CA4DC8A7E607}.Win8.1 Release|Mixed Platforms.ActiveCfg = Release|Win32
		{328D34D4-81B2-49B1-B641-CA4DC8A7E607}.Win8.1 Release|Mixed Platforms.Build.0 = Release|Win32
		{328D34D4-81B2-49B1-B641-CA4DC8A7E607}.Win8.1 Release|Win32.ActiveCfg = Release|Win32
		{328D34D4-81B2-49B1-B641-CA4DC8A7E607}.Win8.1 Release|Win32.Build.0 = Release|Win32
		{328D34D4-81B2-49B1-B641-CA4DC8A7E607}.Win8.1 Release|x64.ActiveCfg = Release|x64
		{328D34D4-81B2-49B1-B641-CA4DC8A7E607}.Win8.1 Release|x64.Build.0 = Release|x64
		{6AB2CF6A-46A7-4FE3-8B12-FD75F05860DD}.Debug|Mixed Platforms.ActiveCfg = Debug|Win32
		{6AB2CF6A-46A7-4FE3-8B12-FD75F05860DD}.Debug|Mixed Platforms.Build.0 = Debug|Win32
		{6AB2CF6A-46A7-4FE3-8B12-FD75F05860DD}.Debug|Win32.ActiveCfg = Debug|Win32
		{6AB2CF6A-46A7-4FE3-8B12-FD75F05860DD}.Debug|Win32.Build.0 = Debug|Win32
		{6AB2CF6A-46A7-4FE3-8B12-FD75F05860DD}.Debug|x64.ActiveCfg = Debug|x64
		{6AB2CF6A-46A7-4FE3-8B12-FD75F05860DD}.Debug|x64.Build.0 = Debug|x64
		{6AB2CF6A-46A7-4FE3-8B12-FD75F05860DD}.Debug|x64.Deploy.0 = Debug|x64
		{6AB2CF6A-46A7-4FE3-8B12-FD75F05860DD}.Release|Mixed Platforms.ActiveCfg = Release|Win32
		{6AB2CF6A-46A7-4FE3-8B12-FD75F05860DD}.Release|Mixed Platforms.Build.0 = Release|Win32
		{6AB2CF6A-46A7-4FE3-8B12-FD75F05860DD}.Release|Win32.ActiveCfg = Release|Win32
		{6AB2CF6A-46A7-4FE3-8B12-FD75F05860DD}.Release|Win32.Build.0 = Release|Win32
		{6AB2CF6A-46A7-4FE3-8B12-FD75F05860DD}.Release|x64.ActiveCfg = Release|x64
		{6AB2CF6A-46A7-4FE3-8B12-FD75F05860DD}.Release|x64.Build.0 = Release|x64
		{6AB2CF6A-46A7-4FE3-8B12-FD75F05860DD}.Release|x64.Deploy.0 = Release|x64
		{6AB2CF6A-46A7-4FE3-8B12-FD75F05860DD}.Win10 Debug|Mixed Platforms.ActiveCfg = Debug|Win32
		{6AB2CF6A-46A7-4FE3-8B12-FD75F05860DD}.Win10 Debug|Mixed Platforms.Build.0 = Debug|Win32
		{6AB2CF6A-46A7-4FE3-8B12-FD75F05860DD}.Win10 Debug|Win32.ActiveCfg = Debug|Win32
		{6AB2CF6A-46A7-4FE3-8B12-FD75F05860DD}.Win10 Debug|Win32.Build.0 = Debug|Win32
		{6AB2CF6A-46A7-4FE3-8B12-FD75F05860DD}.Win10 Debug|x64.ActiveCfg = Debug|x64
		{6AB2CF6A-46A7-4FE3-8B12-FD75F05860DD}.Win10 Debug|x64.Build.0 = Debug|x64
		{6AB2CF6A-46A7-4FE3-8B12-FD75F05860DD}.Win10 Debug|x64.Deploy.0 = Debug|x64
		{6AB2CF6A-46A7-4FE3-8B12-FD75F05860DD}.Win10 Release|Mixed Platforms.ActiveCfg = Release|Win32
		{6AB2CF6A-46A7-4FE3-8B12-FD75F05860DD}.Win10 Release|Mixed Platforms.Build.0 = Release|Win32
		{6AB2CF6A-46A7-4FE3-8B12-FD75F05860DD}.Win10 Release|Win32.ActiveCfg = Release|Win32
		{6AB2CF6A-46A7-4FE3-8B12-FD75F05860DD}.Win10 Release|Win32.Build.0 = Release|Win32
		{6AB2CF6A-46A7-4FE3-8B12-FD75F05860DD}.Win10 Release|x64.ActiveCfg = Release|x64
		{6AB2CF6A-46A7-4FE3-8B12-FD75F05860DD}.Win10 Release|x64.Build.0 = Release|x64
		{6AB2CF6A-46A7-4FE3-8B12-FD75F05860DD}.Win10 Release|x64.Deploy.0 = Release|x64
		{6AB2CF6A-46A7-4FE3-8B12-FD75F05860DD}.Win7 Debug|Mixed Platforms.ActiveCfg = Debug|Win32
		{6AB2CF6A-46A7-4FE3-8B12-FD75F05860DD}.Win7 Debug|Mixed Platforms.Build.0 = Debug|Win32
		{6AB2CF6A-46A7-4FE3-8B12-FD75F05860DD}.Win7 Debug|Win32.ActiveCfg = Debug|Win32
		{6AB2CF6A-46A7-4FE3-8B12-FD75F05860DD}.Win7 Debug|Win32.Build.0 = Debug|Win32
		{6AB2CF6A-46A7-4FE3-8B12-FD75F05860DD}.Win7 Debug|x64.ActiveCfg = Debug|x64
		{6AB2CF6A-46A7-4FE3-8B12-FD75F05860DD}.Win7 Debug|x64.Build.0 = Debug|x64
		{6AB2CF6A-46A7-4FE3-8B12-FD75F05860DD}.Win7 Debug|x64.Deploy.0 = Debug|x64
		{6AB2CF6A-46A7-4FE3-8B12-FD75F05860DD}.Win7 Release|Mixed Platforms.ActiveCfg = Release|Win32
		{6AB2CF6A-46A7-4FE3-8B12-FD75F05860DD}.Win7 Release|Mixed Platforms.Build.0 = Release|Win32
		{6AB2CF6A-46A7-4FE3-8B12-FD75F05860DD}.Win7 Release|Win32.ActiveCfg = Release|Win32
		{6AB2CF6A-46A7-4FE3-8B12-FD75F05860DD}.Win7 Release|Win32.Build.0 = Release|Win32
		{6AB2CF6A-46A7-4FE3-8B12-FD75F05860DD}.Win7 Release|x64.ActiveCfg = Release|x64
		{6AB2CF6A-46A7-4FE3-8B12-FD75F05860DD}.Win7 Release|x64.Build.0 = Release|x64
		{6AB2CF6A-46A7-4FE3-8B12-FD75F05860DD}.Win7 Release|x64.Deploy.0 = Release|x64
		{6AB2CF6A-46A7-4FE3-8B12-FD75F05860DD}.Win8 Debug|Mixed Platforms.ActiveCfg = Debug|Win32
		{6AB2CF6A-46A7-4FE3-8B12-FD75F05860DD}.Win8 Debug|Mixed Platforms.Build.0 = Debug|Win32
		{6AB2CF6A-46A7-4FE3-8B12-FD75F05860DD}.Win8 Debug|Win32.ActiveCfg = Debug|Win32
		{6AB2CF6A-46A7-4FE3-8B12-FD75F05860DD}.Win8 Debug|Win32.Build.0 = Debug|Win32
		{6AB2CF6A-46A7-4FE3-8B12-FD75F05860DD}.Win8 Debug|x64.ActiveCfg = Debug|x64
		{6AB2CF6A-46A7-4FE3-8B12-FD75F05860DD}.Win8 Debug|x64.Build.0 = Debug|x64
		{6AB2CF6A-46A7-4FE3-8B12-FD75F05860DD}.Win8 Debug|x64.Deploy.0 = Debug|x64
		{6AB2CF6A-46A7-4FE3-8B12-FD75F05860DD}.Win8 Release|Mixed Platforms.ActiveCfg = Release|Win32
		{6AB2CF6A-46A7-4FE3-8B12-FD75F05860DD}.Win8 Release|Mixed Platforms.Build.0 = Release|Win32
		{6AB2CF6A-46A7-4FE3-8B12-FD75F05860DD}.Win8 Release|Win32.ActiveCfg = Release|Win32
		{6AB2CF6A-46A7-4FE3-8B12-FD75F05860DD}.Win8 Release|Win32.Build.0 = Release|Win32
		{6AB2CF6A-46A7-4FE3-8B12-FD75F05860DD}.Win8 Release|x64.ActiveCfg = Release|x64
		{6AB2CF6A-46A7-4FE3-8B12-FD75F05860DD}.Win8 Release|x64.Build.0 = Release|x64
		{6AB2CF6A-46A7-4FE3-8B12-FD75F05860DD}.Win8 Release|x64.Deploy.0 = Release|x64
		{6AB2CF6A-46A7-4FE3-8B12-FD75F05860DD}.Win8.1 Debug|Mixed Platforms.ActiveCfg = Debug|Win32
		{6AB2CF6A-46A7-4FE3-8B12-FD75F05860DD}.Win8.1 Debug|Mixed Platforms.Build.0 = Debug|Win32
		{6AB2CF6A-46A7-4FE3-8B12-FD75F05860DD}.Win8.1 Debug|Win32.ActiveCfg = Debug|Win32
		{6AB2CF6A-46A7-4FE3-8B12-FD75F05860DD}.Win8.1 Debug|Win32.Build.0 = Debug|Win32
		{6AB2CF6A-46A7-4FE3-8B12-FD75F05860DD}.Win8.1 Debug|x64.ActiveCfg = Debug|x64
		{6AB2CF6A-46A7-4FE3-8B12-FD75F05860DD}.Win8.1 Debug|x64.Build.0 = Debug|x64
		{6AB2CF6A-46A7-4FE3-8B12-FD75F05860DD}.Win8.1 Debug|x64.Deploy.0 = Debug|x64
		{6AB2CF6A-46A7-4FE3-8B12-FD75F05860DD}.Win8.1 Release|Mixed Platforms.ActiveCfg = Release|Win32
		{6AB2CF6A-46A7-4FE3-8B12-FD75F05860DD}.Win8.1 Release|Mixed Platforms.Build.0 = Release|Win32
		{6AB2CF6A-46A7-4FE3-8B12-FD75F05860DD}.Win8.1 Release|Win32.ActiveCfg = Release|Win32
		{6AB2CF6A-46A7-4FE3-8B12-FD75F05860DD}.Win8.1 Release|Win32.Build.0 = Release|Win32
		{6AB2CF6A-46A7-4FE3-8B12-FD75F05860DD}.Win8.1 Release|x64.ActiveCfg = Release|x64
		{6AB2CF6A-46A7-4FE3-8B12-FD75F05860DD}.Win8.1 Release|x64.Build.0 = Release|x64
		{6AB2CF6A-46A7-4FE3-8B12-FD75F05860DD}.Win8.1 Release|x64.Deploy.0 = Release|x64
		{3C9C3168-FE38-4E1E-B0FC-230292777DCC}.Debug|Mixed Platforms.ActiveCfg = Debug|Win32
		{3C9C3168-FE38-4E1E-B0FC-230292777DCC}.Debug|Mixed Platforms.Build.0 = Debug|Win32
		{3C9C3168-FE38-4E1E-B0FC-230292777DCC}.Debug|Win32.ActiveCfg = Debug|Win32
		{3C9C3168-FE38-4E1E-B0FC-230292777DCC}.Debug|Win32.Build.0 = Debug|Win32
		{3C9C3168-FE38-4E1E-B0FC-230292777DCC}.Debug|x64.ActiveCfg = Debug|x64
		{3C9C3168-FE38-4E1E-B0FC-230292777DCC}.Debug|x64.Build.0 = Debug|x64
		{3C9C3168-FE38-4E1E-B0FC-230292777DCC}.Debug|x64.Deploy.0 = Debug|x64
		{3C9C3168-FE38-4E1E-B0FC-230292777DCC}.Release|Mixed Platforms.ActiveCfg = Release|Win32
		{3C9C3168-FE38-4E1E-B0FC-230292777DCC}.Release|Mixed Platforms.Build.0 = Release|Win32
		{3C9C3168-FE38-4E1E-B0FC-230292777DCC}.Release|Win32.ActiveCfg = Release|Win32
		{3C9C3168-FE38-4E1E-B0FC-230292777DCC}.Release|Win32.Build.0 = Release|Win32
		{3C9C3168-FE38-4E1E-B0FC-230292777DCC}.Release|x64.ActiveCfg = Release|x64
		{3C9C3168-FE38-4E1E-B0FC-230292777DCC}.Release|x64.Build.0 = Release|x64
		{3C9C3168-FE38-4E1E-B0FC-230292777DCC}.Release|x64.Deploy.0 = Release|x64
		{3C9C3168-FE38-4E1E-B0FC-230292777DCC}.Win10 Debug|Mixed Platforms.ActiveCfg = Debug|Win32
		{3C9C3168-FE38-4E1E-B0FC-230292777DCC}.Win10 Debug|Mixed Platforms.Build.0 = Debug|Win32
		{3C9C3168-FE38-4E1E-B0FC-230292777DCC}.Win10 Debug|Win32.ActiveCfg = Debug|Win32
		{3C9C3168-FE38-4E1E-B0FC-230292777DCC}.Win10 Debug|Win32.Build.0 = Debug|Win32
		{3C9C3168-FE38-4E1E-B0FC-230292777DCC}.Win10 Debug|x64.ActiveCfg = Debug|x64
		{3C9C3168-FE38-4E1E-B0FC-230292777DCC}.Win10 Debug|x64.Build.0 = Debug|x64
		{3C9C3168-FE38-4E1E-B0FC-230292777DCC}.Win10 Debug|x64.Deploy.0 = Debug|x64
		{3C9C3168-FE38-4E1E-B0FC-230292777DCC}.Win10 Release|Mixed Platforms.ActiveCfg = Release|Win32
		{3C9C3168-FE38-4E1E-B0FC-230292777DCC}.Win10 Release|Mixed Platforms.Build.0 = Release|Win32
		{3C9C3168-FE38-4E1E-B0FC-230292777DCC}.Win10 Release|Win32.ActiveCfg = Release|Win32
		{3C9C3168-FE38-4E1E-B0FC-230292777DCC}.Win10 Release|Win32.Build.0 = Release|Win32
		{3C9C3168-FE38-4E1E-B0FC-230292777DCC}.Win10 Release|x64.ActiveCfg = Release|x64
		{3C9C3168-FE38-4E1E-B0FC-230292777DCC}.Win10 Release|x64.Build.0 = Release|x64
		{3C9C3168-FE38-4E1E-B0FC-230292777DCC}.Win10 Release|x64.Deploy.0 = Release|x64
		{3C9C3168-FE38-4E1E-B0FC-230292777DCC}.Win7 Debug|Mixed Platforms.ActiveCfg = Debug|Win32
		{3C9C3168-FE38-4E1E-B0FC-230292777DCC}.Win7 Debug|Mixed Platforms.Build.0 = Debug|Win32
		{3C9C3168-FE38-4E1E-B0FC-230292777DCC}.Win7 Debug|Win32.ActiveCfg = Debug|Win32
		{3C9C3168-FE38-4E1E-B0FC-230292777DCC}.Win7 Debug|Win32.Build.0 = Debug|Win32
		{3C9C3168-FE38-4E1E-B0FC-230292777DCC}.Win7 Debug|x64.ActiveCfg = Debug|x64
		{3C9C3168-FE38-4E1E-B0FC-230292777DCC}.Win7 Debug|x64.Build.0 = Debug|x64
		{3C9C3168-FE38-4E1E-B0FC-230292777DCC}.Win7 Debug|x64.Deploy.0 = Debug|x64
		{3C9C3168-FE38-4E1E-B0FC-230292777DCC}.Win7 Release|Mixed Platforms.ActiveCfg = Release|Win32
		{3C9C3168-FE38-4E1E-B0FC-230292777DCC}.Win7 Release|Mixed Platforms.Build.0 = Release|Win32
		{3C9C3168-FE38-4E1E-B0FC-230292777DCC}.Win7 Release|Win32.ActiveCfg = Release|Win32
		{3C9C3168-FE38-4E1E-B0FC-230292777DCC}.Win7 Release|Win32.Build.0 = Release|Win32
		{3C9C3168-FE38-4E1E-B0FC-230292777DCC}.Win7 Release|x64.ActiveCfg = Release|x64
		{3C9C3168-FE38-4E1E-B0FC-230292777DCC}.Win7 Release|x64.Build.0 = Release|x64
		{3C9C3168-FE38-4E1E-B0FC-230292777DCC}.Win7 Release|x64.Deploy.0 = Release|x64
		{3C9C3168-FE38-4E1E-B0FC-230292777DCC}.Win8 Debug|Mixed Platforms.ActiveCfg = Debug|Win32
		{3C9C3168-FE38-4E1E-B0FC-230292777DCC}.Win8 Debug|Mixed Platforms.Build.0 = Debug|Win32
		{3C9C3168-FE38-4E1E-B0FC-230292777DCC}.Win8 Debug|Win32.ActiveCfg = Debug|Win32
		{3C9C3168-FE38-4E1E-B0FC-230292777DCC}.Win8 Debug|Win32.Build.0 = Debug|Win32
		{3C9C3168-FE38-4E1E-B0FC-230292777DCC}.Win8 Debug|x64.ActiveCfg = Debug|x64
		{3C9C3168-FE38-4E1E-B0FC-230292777DCC}.Win8 Debug|x64.Build.0 = Debug|x64
		{3C9C3168-FE38-4E1E-B0FC-230292777DCC}.Win8 Debug|x64.Deploy.0 = Debug|x64
		{3C9C3168-FE38-4E1E-B0FC-230292777DCC}.Win8 Release|Mixed Platforms.ActiveCfg = Release|Win32
		{3C9C3168-FE38-4E1E-B0FC-230292777DCC}.Win8 Release|Mixed Platforms.Build.0 = Release|Win32
		{3C9C3168-FE38-4E1E-B0FC-230292777DCC}.Win8 Release|Win32.ActiveCfg = Release|Win32
		{3C9C3168-FE38-4E1E-B0FC-230292777DCC}.Win8 Release|Win32.Build.0 = Release|Win32
		{3C9C3168-FE38-4E1E-B0FC-230292777DCC}.Win8 Release|x64.ActiveCfg = Release|x64
		{3C9C3168-FE38-4E1E-B0FC-230292777DCC}.Win8 Release|x64.Build.0 = Release|x64
		{3C9C3168-FE38-4E1E-B0FC-230292777DCC}.Win8 Release|x64.Deploy.0 = Release|x64
		{3C9C3168-FE38-4E1E-B0FC-230292777DCC}.Win8.1 Debug|Mixed Platforms.ActiveCfg = Debug|Win32
		{3C9C3168-FE38-4E1E-B0FC-230292777DCC}.Win8.1 Debug|Mixed Platforms.Build.0 = Debug|Win32
		{3C9C3168-FE38-4E1E-B0FC-230292777DCC}.Win8.1 Debug|Win32.ActiveCfg = Debug|Win32
		{3C9C3168-FE38-4E1E-B0FC-230292777DCC}.Win8.1 Debug|Win32.Build.0 = Debug|Win32
		{3C9C3168-FE38-4E1E-B0FC-230292777DCC}.Win8.1 Debug|x64.ActiveCfg = Debug|x64
		{3C9C3168-FE38-4E1E-B0FC-230292777DCC}.Win8.1 Debug|x64.Build.0 = Debug|x64
		{3C9C3168-FE38-4E1E-B0FC-230292777DCC}.Win8.1 Debug|x64.Deploy.0 = Debug|x64
		{3C9C3168-FE38-4E1E-B0FC-230292777DCC}.Win8.1 Release|Mixed Platforms.ActiveCfg = Release|Win32
		{3C9C3168-FE38-4E1E-B0FC-230292777DCC}.Win8.1 Release|Mixed Platforms.Build.0 = Release|Win32
		{3C9C3168-FE38-4E1E-B0FC-230292777DCC}.Win8.1 Release|Win32.ActiveCfg = Release|Win32
		{3C9C3168-FE38-4E1E-B0FC-230292777DCC}.Win8.1 Release|Win32.Build.0 = Release|Win32
		{3C9C3168-FE38-4E1E-B0FC-230292777DCC}.Win8.1 Release|x64.ActiveCfg = Release|x64
		{3C9C3168-FE38-4E1E-B0FC-230292777DCC}.Win8.1 Release|x64.Build.0 = Release|x64
		{3C9C3168-FE38-4E1E-B0FC-230292777DCC}.Win8.1 Release|x64.Deploy.0 = Release|x64
		{720192DC-E040-4DDD-8460-F78A70723486}.Debug|Mixed Platforms.ActiveCfg = Debug|Win32
		{720192DC-E040-4DDD-8460-F78A70723486}.Debug|Mixed Platforms.Build.0 = Debug|Win32
		{720192DC-E040-4DDD-8460-F78A70723486}.Debug|Win32.ActiveCfg = Debug|Win32
		{720192DC-E040-4DDD-8460-F78A70723486}.Debug|Win32.Build.0 = Debug|Win32
		{720192DC-E040-4DDD-8460-F78A70723486}.Debug|x64.ActiveCfg = Debug|x64
		{720192DC-E040-4DDD-8460-F78A70723486}.Debug|x64.Build.0 = Debug|x64
		{720192DC-E040-4DDD-8460-F78A70723486}.Release|Mixed Platforms.ActiveCfg = Release|Win32
		{720192DC-E040-4DDD-8460-F78A70723486}.Release|Mixed Platforms.Build.0 = Release|Win32
		{720192DC-E040-4DDD-8460-F78A70723486}.Release|Win32.ActiveCfg = Release|Win32
		{720192DC-E040-4DDD-8460-F78A70723486}.Release|Win32.Build.0 = Release|Win32
		{720192DC-E040-4DDD-8460-F78A70723486}.Release|x64.ActiveCfg = Release|x64
		{720192DC-E040-4DDD-8460-F78A70723486}.Release|x64.Build.0 = Release|x64
		{720192DC-E040-4DDD-8460-F78A70723486}.Win10 Debug|Mixed Platforms.ActiveCfg = Debug|Win32
		{720192DC-E040-4DDD-8460-F78A70723486}.Win10 Debug|Mixed Platforms.Build.0 = Debug|Win32
		{720192DC-E040-4DDD-8460-F78A70723486}.Win10 Debug|Win32.ActiveCfg = Debug|Win32
		{720192DC-E040-4DDD-8460-F78A70723486}.Win10 Debug|Win32.Build.0 = Debug|Win32
		{720192DC-E040-4DDD-8460-F78A70723486}.Win10 Debug|x64.ActiveCfg = Debug|x64
		{720192DC-E040-4DDD-8460-F78A70723486}.Win10 Debug|x64.Build.0 = Debug|x64
		{720192DC-E040-4DDD-8460-F78A70723486}.Win10 Release|Mixed Platforms.ActiveCfg = Release|Win32
		{720192DC-E040-4DDD-8460-F78A70723486}.Win10 Release|Mixed Platforms.Build.0 = Release|Win32
		{720192DC-E040-4DDD-8460-F78A70723486}.Win10 Release|Win32.ActiveCfg = Release|Win32
		{720192DC-E040-4DDD-8460-F78A70723486}.Win10 Release|Win32.Build.0 = Release|Win32
		{720192DC-E040-4DDD-8460-F78A70723486}.Win10 Release|x64.ActiveCfg = Release|x64
		{720192DC-E040-4DDD-8460-F78A70723486}.Win10 Release|x64.Build.0 = Release|x64
		{720192DC-E040-4DDD-8460-F78A70723486}.Win7 Debug|Mixed Platforms.ActiveCfg = Debug|Win32
		{720192DC-E040-4DDD-8460-F78A70723486}.Win7 Debug|Mixed Platforms.Build.0 = Debug|Win32
		{720192DC-E040-4DDD-8460-F78A70723486}.Win7 Debug|Win32.ActiveCfg = Debug|Win32
		{720192DC-E040-4DDD-8460-F78A70723486}.Win7 Debug|Win32.Build.0 = Debug|Win32
		{720192DC-E040-4DDD-8460-F78A70723486}.Win7 Debug|x64.ActiveCfg = Debug|x64
		{720192DC-E040-4DDD-8460-F78A70723486}.Win7 Debug|x64.Build.0 = Debug|x64
		{720192DC-E040-4DDD-8460-F78A70723486}.Win7 Release|Mixed Platforms.ActiveCfg = Release|Win32
		{720192DC-E040-4DDD-8460-F78A70723486}.Win7 Release|Mixed Platforms.Build.0 = Release|Win32
		{720192DC-E040-4DDD-8460-F78A70723486}.Win7 Release|Win32.ActiveCfg = Release|Win32
		{720192DC-E040-4DDD-8460-F78A70723486}.Win7 Release|Win32.Build.0 = Release|Win32
		{720192DC-E040-4DDD-8460-F78A70723486}.Win7 Release|x64.ActiveCfg = Release|x64
		{720192DC-E040-4DDD-8460-F78A70723486}.Win7 Release|x64.Build.0 = Release|x64
		{720192DC-E040-4DDD-8460-F78A70723486}.Win8 Debug|Mixed Platforms.ActiveCfg = Debug|Win32
		{720192DC-E040-4DDD-8460-F78A70723486}.Win8 Debug|Mixed Platforms.Build.0 = Debug|Win32
		{720192DC-E040-4DDD-8460-F78A70723486}.Win8 Debug|Win32.ActiveCfg = Debug|Win32
		{720192DC-E040-4DDD-8460-F78A70723486}.Win8 Debug|Win32.Build.0 = Debug|Win32
		{720192DC-E040-4DDD-8460-F78A70723486}.Win8 Debug|x64.ActiveCfg = Debug|x64
		{720192DC-E040-4DDD-8460-F78A70723486}.Win8 Debug|x64.Build.0 = Debug|x64
		{720192DC-E040-4DDD-8460-F78A70723486}.Win8 Release|Mixed Platforms.ActiveCfg = Release|Win32
		{720192DC-E040-4DDD-8460-F78A70723486}.Win8 Release|Mixed Platforms.Build.0 = Release|Win32
		{720192DC-E040-4DDD-8460-F78A70723486}.Win8 Release|Win32.ActiveCfg = Release|Win32
		{720192DC-E040-4DDD-8460-F78A70723486}.Win8 Release|Win32.Build.0 = Release|Win32
		{720192DC-E040-4DDD-8460-F78A70723486}.Win8 Release|x64.ActiveCfg = Release|x64
		{720192DC-E040-4DDD-8460-F78A70723486}.Win8 Release|x64.Build.0 = Release|x64
		{720192DC-E040-4DDD-8460-F78A70723486}.Win8.1 Debug|Mixed Platforms.ActiveCfg = Debug|Win32
		{720192DC-E040-4DDD-8460-F78A70723486}.Win8.1 Debug|Mixed Platforms.Build.0 = Debug|Win32
		{720192DC-E040-4DDD-8460-F78A70723486}.Win8.1 Debug|Win32.ActiveCfg = Debug|Win32
		{720192DC-E040-4DDD-8460-F78A70723486}.Win8.1 Debug|Win32.Build.0 = Debug|Win32
		{720192DC-E040-4DDD-8460-F78A70723486}.Win8.1 Debug|x64.ActiveCfg = Debug|x64
		{720192DC-E040-4DDD-8460-F78A70723486}.Win8.1 Debug|x64.Build.0 = Debug|x64
		{720192DC-E040-4DDD-8460-F78A70723486}.Win8.1 Release|Mixed Platforms.ActiveCfg = Release|Win32
		{720192DC-E040-4DDD-8460-F78A70723486}.Win8.1 Release|Mixed Platforms.Build.0 = Release|Win32
		{720192DC-E040-4DDD-8460-F78A70723486}.Win8.1 Release|Win32.ActiveCfg = Release|Win32
		{720192DC-E040-4DDD-8460-F78A70723486}.Win8.1 Release|Win32.Build.0 = Release|Win32
		{720192DC-E040-4DDD-8460-F78A70723486}.Win8.1 Release|x64.ActiveCfg = Release|x64
		{720192DC-E040-4DDD-8460-F78A70723486}.Win8.1 Release|x64.Build.0 = Release|x64
		{2EDD0A60-2BBD-4A96-9EA2-17C09554DD14}.Debug|Mixed Platforms.ActiveCfg = Debug|Win32
		{2EDD0A60-2BBD-4A96-9EA2-17C09554DD14}.Debug|Mixed Platforms.Build.0 = Debug|Win32
		{2EDD0A60-2BBD-4A96-9EA2-17C09554DD14}.Debug|Win32.ActiveCfg = Debug|Win32
		{2EDD0A60-2BBD-4A96-9EA2-17C09554DD14}.Debug|Win32.Build.0 = Debug|Win32
		{2EDD0A60-2BBD-4A96-9EA2-17C09554DD14}.Debug|x64.ActiveCfg = Debug|x64
		{2EDD0A60-2BBD-4A96-9EA2-17C09554DD14}.Debug|x64.Build.0 = Debug|x64
		{2EDD0A60-2BBD-4A96-9EA2-17C09554DD14}.Release|Mixed Platforms.ActiveCfg = Release|Win32
		{2EDD0A60-2BBD-4A96-9EA2-17C09554DD14}.Release|Mixed Platforms.Build.0 = Release|Win32
		{2EDD0A60-2BBD-4A96-9EA2-17C09554DD14}.Release|Win32.ActiveCfg = Release|Win32
		{2EDD0A60-2BBD-4A96-9EA2-17C09554DD14}.Release|Win32.Build.0 = Release|Win32
		{2EDD0A60-2BBD-4A96-9EA2-17C09554DD14}.Release|x64.ActiveCfg = Release|x64
		{2EDD0A60-2BBD-4A96-9EA2-17C09554DD14}.Release|x64.Build.0 = Release|x64
		{2EDD0A60-2BBD-4A96-9EA2-17C09554DD14}.Win10 Debug|Mixed Platforms.ActiveCfg = Debug|Win32
		{2EDD0A60-2BBD-4A96-9EA2-17C09554DD14}.Win10 Debug|Mixed Platforms.Build.0 = Debug|Win32
		{2EDD0A60-2BBD-4A96-9EA2-17C09554DD14}.Win10 Debug|Win32.ActiveCfg = Debug|Win32
		{2EDD0A60-2BBD-4A96-9EA2-17C09554DD14}.Win10 Debug|Win32.Build.0 = Debug|Win32
		{2EDD0A60-2BBD-4A96-9EA2-17C09554DD14}.Win10 Debug|x64.ActiveCfg = Debug|x64
		{2EDD0A60-2BBD-4A96-9EA2-17C09554DD14}.Win10 Debug|x64.Build.0 = Debug|x64
		{2EDD0A60-2BBD-4A96-9EA2-17C09554DD14}.Win10 Release|Mixed Platforms.ActiveCfg = Release|Win32
		{2EDD0A60-2BBD-4A96-9EA2-17C09554DD14}.Win10 Release|Mixed Platforms.Build.0 = Release|Win32
		{2EDD0A60-2BBD-4A96-9EA2-17C09554DD14}.Win10 Release|Win32.ActiveCfg = Release|Win32
		{2EDD0A60-2BBD-4A96-9EA2-17C09554DD14}.Win10 Release|Win32.Build.0 = Release|Win32
		{2EDD0A60-2BBD-4A96-9EA2-17C09554DD14}.Win10 Release|x64.ActiveCfg = Release|x64
		{2EDD0A60-2BBD-4A96-9EA2-17C09554DD14}.Win10 Release|x64.Build.0 = Release|x64
		{2EDD0A60-2BBD-4A96-9EA2-17C09554DD14}.Win7 Debug|Mixed Platforms.ActiveCfg = Debug|Win32
		{2EDD0A60-2BBD-4A96-9EA2-17C09554DD14}.Win7 Debug|Mixed Platforms.Build.0 = Debug|Win32
		{2EDD0A60-2BBD-4A96-9EA2-17C09554DD14}.Win7 Debug|Win32.ActiveCfg = Debug|Win32
		{2EDD0A60-2BBD-4A96-9EA2-17C09554DD14}.Win7 Debug|Win32.Build.0 = Debug|Win32
		{2EDD0A60-2BBD-4A96-9EA2-17C09554DD14}.Win7 Debug|x64.ActiveCfg = Debug|x64
		{2EDD0A60-2BBD-4A96-9EA2-17C09554DD14}.Win7 Debug|x64.Build.0 = Debug|x64
		{2EDD0A60-2BBD-4A96-9EA2-17C09554DD14}.Win7 Release|Mixed Platforms.ActiveCfg = Release|Win32
		{2EDD0A60-2BBD-4A96-9EA2-17C09554DD14}.Win7 Release|Mixed Platforms.Build.0 = Release|Win32
		{2EDD0A60-2BBD-4A96-9EA2-17C09554DD14}.Win7 Release|Win32.ActiveCfg = Release|Win32
		{2EDD0A60-2BBD-4A96-9EA2-17C09554DD14}.Win7 Release|Win32.Build.0 = Release|Win32
		{2EDD0A60-2BBD-4A96-9EA2-17C09554DD14}.Win7 Release|x64.ActiveCfg = Release|x64
		{2EDD0A60-2BBD-4A96-9EA2-17C09554DD14}.Win7 Release|x64.Build.0 = Release|x64
		{2EDD0A60-2BBD-4A96-9EA2-17C09554DD14}.Win8 Debug|Mixed Platforms.ActiveCfg = Debug|Win32
		{2EDD0A60-2BBD-4A96-9EA2-17C09554DD14}.Win8 Debug|Mixed Platforms.Build.0 = Debug|Win32
		{2EDD0A60-2BBD-4A96-9EA2-17C09554DD14}.Win8 Debug|Win32.ActiveCfg = Debug|Win32
		{2EDD0A60-2BBD-4A96-9EA2-17C09554DD14}.Win8 Debug|Win32.Build.0 = Debug|Win32
		{2EDD0A60-2BBD-4A96-9EA2-17C09554DD14}.Win8 Debug|x64.ActiveCfg = Debug|x64
		{2EDD0A60-2BBD-4A96-9EA2-17C09554DD14}.Win8 Debug|x64.Build.0 = Debug|x64
		{2EDD0A60-2BBD-4A96-9EA2-17C09554DD14}.Win8 Release|Mixed Platforms.ActiveCfg = Release|Win32
		{2EDD0A60-2BBD-4A96-9EA2-17C09554DD14}.Win8 Release|Mixed Platforms.Build.0 = Release|Win32
		{2EDD0A60-2BBD-4A96-9EA2-17C09554DD14}.Win8 Release|Win32.ActiveCfg = Release|Win32
		{2EDD0A60-2BBD-4A96-9EA2-17C09554DD14}.Win8 Release|Win32.Build.0 = Release|Win32
		{2EDD0A60-2BBD-4A96-9EA2-17C09554DD14}.Win8 Release|x64.ActiveCfg = Release|x64
		{2EDD0A60-2BBD-4A96-9EA2-17C09554DD14}.Win8 Release|x64.Build.0 = Release|x64
		{2EDD0A60-2BBD-4A96-9EA2-17C09554DD14}.Win8.1 Debug|Mixed Platforms.ActiveCfg = Debug|Win32
		{2EDD0A60-2BBD-4A96-9EA2-17C09554DD14}.Win8.1 Debug|Mixed Platforms.Build.0 = Debug|Win32
		{2EDD0A60-2BBD-4A96-9EA2-17C09554DD14}.Win8.1 Debug|Win32.ActiveCfg = Debug|Win32
		{2EDD0A60-2BBD-4A96-9EA2-17C09554DD14}.Win8.1 Debug|Win32.Build.0 = Debug|Win32
		{2EDD0A60-2BBD-4A96-9EA2-17C09554DD14}.Win8.1 Debug|x64.ActiveCfg = Debug|x64
		{2EDD0A60-2BBD-4A96-9EA2-17C09554DD14}.Win8.1 Debug|x64.Build.0 = Debug|x64
		{2EDD0A60-2BBD-4A96-9EA2-17C09554DD14}.Win8.1 Release|Mixed Platforms.ActiveCfg = Release|Win32
		{2EDD0A60-2BBD-4A96-9EA2-17C09554DD14}.Win8.1 Release|Mixed Platforms.Build.0 = Release|Win32
		{2EDD0A60-2BBD-4A96-9EA2-17C09554DD14}.Win8.1 Release|Win32.ActiveCfg = Release|Win32
		{2EDD0A60-2BBD-4A96-9EA2-17C09554DD14}.Win8.1 Release|Win32.Build.0 = Release|Win32
		{2EDD0A60-2BBD-4A96-9EA2-17C09554DD14}.Win8.1 Release|x64.ActiveCfg = Release|x64
		{2EDD0A60-2BBD-4A96-9EA2-17C09554DD14}.Win8.1 Release|x64.Build.0 = Release|x64
	EndGlobalSection
	GlobalSection(SolutionProperties) = preSolution
		HideSolutionNode = FALSE
	EndGlobalSection
EndGlobal
